// !$*UTF8*$!
{
	archiveVersion = 1;
	classes = {
	};
	objectVersion = 50;
	objects = {

/* Begin PBXBuildFile section */
		9FC228AB22CB339400D8871D /* AppDelegate.swift in Sources */ = {isa = PBXBuildFile; fileRef = 9FC228AA22CB339400D8871D /* AppDelegate.swift */; };
		9FC228AD22CB339400D8871D /* ViewController.swift in Sources */ = {isa = PBXBuildFile; fileRef = 9FC228AC22CB339400D8871D /* ViewController.swift */; };
		9FC228B022CB339400D8871D /* ProjectLife.xcdatamodeld in Sources */ = {isa = PBXBuildFile; fileRef = 9FC228AE22CB339400D8871D /* ProjectLife.xcdatamodeld */; };
		9FC228B222CB339500D8871D /* Assets.xcassets in Resources */ = {isa = PBXBuildFile; fileRef = 9FC228B122CB339500D8871D /* Assets.xcassets */; };
		9FC228B522CB339500D8871D /* Main.storyboard in Resources */ = {isa = PBXBuildFile; fileRef = 9FC228B322CB339500D8871D /* Main.storyboard */; };
		9FC228C122CB339500D8871D /* ProjectLifeTests.swift in Sources */ = {isa = PBXBuildFile; fileRef = 9FC228C022CB339500D8871D /* ProjectLifeTests.swift */; };
		9FC228CC22CB339500D8871D /* ProjectLifeUITests.swift in Sources */ = {isa = PBXBuildFile; fileRef = 9FC228CB22CB339500D8871D /* ProjectLifeUITests.swift */; };
		9FD1714A22D8D58500222F24 /* FrontPagePhoto.xib in Resources */ = {isa = PBXBuildFile; fileRef = 9FD1714922D8D58500222F24 /* FrontPagePhoto.xib */; };
		9FD1714E22D8D5A000222F24 /* UI.swift in Sources */ = {isa = PBXBuildFile; fileRef = 9FD1714C22D8D5A000222F24 /* UI.swift */; };
		9FD1715222D8D5C200222F24 /* MasterWindow.swift in Sources */ = {isa = PBXBuildFile; fileRef = 9FD1715122D8D5C200222F24 /* MasterWindow.swift */; };
		9FD1715422D8D5CE00222F24 /* MasterWindow.xib in Resources */ = {isa = PBXBuildFile; fileRef = 9FD1715322D8D5CE00222F24 /* MasterWindow.xib */; };
		9FD1717422DD9E8500222F24 /* API.swift in Sources */ = {isa = PBXBuildFile; fileRef = 9FD1717322DD9E8500222F24 /* API.swift */; };
		9FD1717822DD9EC900222F24 /* SignInHandler.swift in Sources */ = {isa = PBXBuildFile; fileRef = 9FD1717622DD9EC900222F24 /* SignInHandler.swift */; };
		9FD1717922DD9EC900222F24 /* UnlockHandler.swift in Sources */ = {isa = PBXBuildFile; fileRef = 9FD1717722DD9EC900222F24 /* UnlockHandler.swift */; };
		9FD1718222DD9EE900222F24 /* Project.xcdatamodeld in Sources */ = {isa = PBXBuildFile; fileRef = 9FD1717E22DD9EE900222F24 /* Project.xcdatamodeld */; };
		9FD1718322DD9EE900222F24 /* Model.xcdatamodeld in Sources */ = {isa = PBXBuildFile; fileRef = 9FD1718022DD9EE900222F24 /* Model.xcdatamodeld */; };
		9FD3171B22DEC9C2002C3908 /* facebook.png in Resources */ = {isa = PBXBuildFile; fileRef = 9FD3171A22DEC3B9002C3908 /* facebook.png */; };
		9FD3171D22DEE293002C3908 /* google.png in Resources */ = {isa = PBXBuildFile; fileRef = 9FD3171C22DEE293002C3908 /* google.png */; };
		9FE138F522DF4057006C4BE5 /* signInWeb.swift in Sources */ = {isa = PBXBuildFile; fileRef = 9FE138F322DF4057006C4BE5 /* signInWeb.swift */; };
		9FE138F622DF4057006C4BE5 /* signInWeb.xib in Resources */ = {isa = PBXBuildFile; fileRef = 9FE138F422DF4057006C4BE5 /* signInWeb.xib */; };
		9FF85D6E22DDAD6700FB7494 /* SignIn.swift in Sources */ = {isa = PBXBuildFile; fileRef = 9FF85D6C22DDAD6700FB7494 /* SignIn.swift */; };
		9FF85D6F22DDAD6700FB7494 /* SignIn.xib in Resources */ = {isa = PBXBuildFile; fileRef = 9FF85D6D22DDAD6700FB7494 /* SignIn.xib */; };
		9FF85D7222DDB8B200FB7494 /* Enter.swift in Sources */ = {isa = PBXBuildFile; fileRef = 9FF85D7022DDB8B200FB7494 /* Enter.swift */; };
		9FF85D7322DDB8B200FB7494 /* Enter.xib in Resources */ = {isa = PBXBuildFile; fileRef = 9FF85D7122DDB8B200FB7494 /* Enter.xib */; };
		9FF85D7622DDD7F300FB7494 /* UserDefaultsChange.swift in Sources */ = {isa = PBXBuildFile; fileRef = 9FF85D7522DDD7F300FB7494 /* UserDefaultsChange.swift */; };
		9FF85D7B22DDE2CD00FB7494 /* FrontPagePhoto.swift in Sources */ = {isa = PBXBuildFile; fileRef = 9FF85D7A22DDE2CD00FB7494 /* FrontPagePhoto.swift */; };
		9FF85D7F22DDE34D00FB7494 /* HoverButton.swift in Sources */ = {isa = PBXBuildFile; fileRef = 9FF85D7E22DDE34D00FB7494 /* HoverButton.swift */; };
/* End PBXBuildFile section */

/* Begin PBXContainerItemProxy section */
		9FC228BD22CB339500D8871D /* PBXContainerItemProxy */ = {
			isa = PBXContainerItemProxy;
			containerPortal = 9FC2289F22CB339400D8871D /* Project object */;
			proxyType = 1;
			remoteGlobalIDString = 9FC228A622CB339400D8871D;
			remoteInfo = ProjectLife;
		};
		9FC228C822CB339500D8871D /* PBXContainerItemProxy */ = {
			isa = PBXContainerItemProxy;
			containerPortal = 9FC2289F22CB339400D8871D /* Project object */;
			proxyType = 1;
			remoteGlobalIDString = 9FC228A622CB339400D8871D;
			remoteInfo = ProjectLife;
		};
/* End PBXContainerItemProxy section */

/* Begin PBXFileReference section */
		9FC228A722CB339400D8871D /* ProjectLife.app */ = {isa = PBXFileReference; explicitFileType = wrapper.application; includeInIndex = 0; path = ProjectLife.app; sourceTree = BUILT_PRODUCTS_DIR; };
		9FC228AA22CB339400D8871D /* AppDelegate.swift */ = {isa = PBXFileReference; lastKnownFileType = sourcecode.swift; path = AppDelegate.swift; sourceTree = "<group>"; };
		9FC228AC22CB339400D8871D /* ViewController.swift */ = {isa = PBXFileReference; lastKnownFileType = sourcecode.swift; path = ViewController.swift; sourceTree = "<group>"; };
		9FC228AF22CB339400D8871D /* ProjectLife.xcdatamodel */ = {isa = PBXFileReference; lastKnownFileType = wrapper.xcdatamodel; path = ProjectLife.xcdatamodel; sourceTree = "<group>"; };
		9FC228B122CB339500D8871D /* Assets.xcassets */ = {isa = PBXFileReference; lastKnownFileType = folder.assetcatalog; path = Assets.xcassets; sourceTree = "<group>"; };
		9FC228B422CB339500D8871D /* Base */ = {isa = PBXFileReference; lastKnownFileType = file.storyboard; name = Base; path = Base.lproj/Main.storyboard; sourceTree = "<group>"; };
		9FC228B622CB339500D8871D /* Info.plist */ = {isa = PBXFileReference; lastKnownFileType = text.plist.xml; path = Info.plist; sourceTree = "<group>"; };
		9FC228B722CB339500D8871D /* ProjectLife.entitlements */ = {isa = PBXFileReference; lastKnownFileType = text.plist.entitlements; path = ProjectLife.entitlements; sourceTree = "<group>"; };
		9FC228BC22CB339500D8871D /* ProjectLifeTests.xctest */ = {isa = PBXFileReference; explicitFileType = wrapper.cfbundle; includeInIndex = 0; path = ProjectLifeTests.xctest; sourceTree = BUILT_PRODUCTS_DIR; };
		9FC228C022CB339500D8871D /* ProjectLifeTests.swift */ = {isa = PBXFileReference; lastKnownFileType = sourcecode.swift; path = ProjectLifeTests.swift; sourceTree = "<group>"; };
		9FC228C222CB339500D8871D /* Info.plist */ = {isa = PBXFileReference; lastKnownFileType = text.plist.xml; path = Info.plist; sourceTree = "<group>"; };
		9FC228C722CB339500D8871D /* ProjectLifeUITests.xctest */ = {isa = PBXFileReference; explicitFileType = wrapper.cfbundle; includeInIndex = 0; path = ProjectLifeUITests.xctest; sourceTree = BUILT_PRODUCTS_DIR; };
		9FC228CB22CB339500D8871D /* ProjectLifeUITests.swift */ = {isa = PBXFileReference; lastKnownFileType = sourcecode.swift; path = ProjectLifeUITests.swift; sourceTree = "<group>"; };
		9FC228CD22CB339500D8871D /* Info.plist */ = {isa = PBXFileReference; lastKnownFileType = text.plist.xml; path = Info.plist; sourceTree = "<group>"; };
		9FD1714922D8D58500222F24 /* FrontPagePhoto.xib */ = {isa = PBXFileReference; fileEncoding = 4; lastKnownFileType = file.xib; name = FrontPagePhoto.xib; path = ProjectLife/ViewControllers/FrontPagePhoto.xib; sourceTree = SOURCE_ROOT; };
		9FD1714C22D8D5A000222F24 /* UI.swift */ = {isa = PBXFileReference; fileEncoding = 4; lastKnownFileType = sourcecode.swift; path = UI.swift; sourceTree = "<group>"; };
		9FD1715122D8D5C200222F24 /* MasterWindow.swift */ = {isa = PBXFileReference; fileEncoding = 4; lastKnownFileType = sourcecode.swift; path = MasterWindow.swift; sourceTree = "<group>"; };
		9FD1715322D8D5CE00222F24 /* MasterWindow.xib */ = {isa = PBXFileReference; fileEncoding = 4; lastKnownFileType = file.xib; name = MasterWindow.xib; path = ProjectLife/WindowControllers/MasterWindow.xib; sourceTree = SOURCE_ROOT; };
		9FD1717322DD9E8500222F24 /* API.swift */ = {isa = PBXFileReference; fileEncoding = 4; lastKnownFileType = sourcecode.swift; path = API.swift; sourceTree = "<group>"; };
		9FD1717622DD9EC900222F24 /* SignInHandler.swift */ = {isa = PBXFileReference; fileEncoding = 4; lastKnownFileType = sourcecode.swift; path = SignInHandler.swift; sourceTree = "<group>"; };
		9FD1717722DD9EC900222F24 /* UnlockHandler.swift */ = {isa = PBXFileReference; fileEncoding = 4; lastKnownFileType = sourcecode.swift; path = UnlockHandler.swift; sourceTree = "<group>"; };
		9FD1717F22DD9EE900222F24 /* Project.xcdatamodel */ = {isa = PBXFileReference; lastKnownFileType = wrapper.xcdatamodel; path = Project.xcdatamodel; sourceTree = "<group>"; };
		9FD1718122DD9EE900222F24 /* Model.xcdatamodel */ = {isa = PBXFileReference; lastKnownFileType = wrapper.xcdatamodel; path = Model.xcdatamodel; sourceTree = "<group>"; };
		9FD3171522DE245E002C3908 /* facebook-login-button-png-11.png */ = {isa = PBXFileReference; lastKnownFileType = image.png; name = "facebook-login-button-png-11.png"; path = "../../../Downloads/facebook-login-button-png-11.png"; sourceTree = "<group>"; };
		9FD3171A22DEC3B9002C3908 /* facebook.png */ = {isa = PBXFileReference; lastKnownFileType = image.png; name = facebook.png; path = ../../../../Downloads/facebook.png; sourceTree = "<group>"; };
		9FD3171C22DEE293002C3908 /* google.png */ = {isa = PBXFileReference; lastKnownFileType = image.png; path = google.png; sourceTree = "<group>"; };
		9FE138F322DF4057006C4BE5 /* signInWeb.swift */ = {isa = PBXFileReference; lastKnownFileType = sourcecode.swift; path = signInWeb.swift; sourceTree = "<group>"; };
		9FE138F422DF4057006C4BE5 /* signInWeb.xib */ = {isa = PBXFileReference; lastKnownFileType = file.xib; path = signInWeb.xib; sourceTree = "<group>"; };
		9FF85D6C22DDAD6700FB7494 /* SignIn.swift */ = {isa = PBXFileReference; lastKnownFileType = sourcecode.swift; path = SignIn.swift; sourceTree = "<group>"; };
		9FF85D6D22DDAD6700FB7494 /* SignIn.xib */ = {isa = PBXFileReference; lastKnownFileType = file.xib; path = SignIn.xib; sourceTree = "<group>"; };
		9FF85D7022DDB8B200FB7494 /* Enter.swift */ = {isa = PBXFileReference; lastKnownFileType = sourcecode.swift; path = Enter.swift; sourceTree = "<group>"; };
		9FF85D7122DDB8B200FB7494 /* Enter.xib */ = {isa = PBXFileReference; lastKnownFileType = file.xib; path = Enter.xib; sourceTree = "<group>"; };
		9FF85D7522DDD7F300FB7494 /* UserDefaultsChange.swift */ = {isa = PBXFileReference; lastKnownFileType = sourcecode.swift; path = UserDefaultsChange.swift; sourceTree = "<group>"; };
		9FF85D7A22DDE2CD00FB7494 /* FrontPagePhoto.swift */ = {isa = PBXFileReference; fileEncoding = 4; lastKnownFileType = sourcecode.swift; name = FrontPagePhoto.swift; path = ../FrontPagePhoto.swift; sourceTree = "<group>"; };
		9FF85D7E22DDE34D00FB7494 /* HoverButton.swift */ = {isa = PBXFileReference; lastKnownFileType = sourcecode.swift; name = HoverButton.swift; path = ProjectLife/Middleware/HoverButton.swift; sourceTree = SOURCE_ROOT; };
/* End PBXFileReference section */

/* Begin PBXFrameworksBuildPhase section */
		9FC228A422CB339400D8871D /* Frameworks */ = {
			isa = PBXFrameworksBuildPhase;
			buildActionMask = 2147483647;
			files = (
			);
			runOnlyForDeploymentPostprocessing = 0;
		};
		9FC228B922CB339500D8871D /* Frameworks */ = {
			isa = PBXFrameworksBuildPhase;
			buildActionMask = 2147483647;
			files = (
			);
			runOnlyForDeploymentPostprocessing = 0;
		};
		9FC228C422CB339500D8871D /* Frameworks */ = {
			isa = PBXFrameworksBuildPhase;
			buildActionMask = 2147483647;
			files = (
			);
			runOnlyForDeploymentPostprocessing = 0;
		};
/* End PBXFrameworksBuildPhase section */

/* Begin PBXGroup section */
		9FB716CE22D4875C00423739 /* swiftFiles */ = {
			isa = PBXGroup;
			children = (
				9FF85D7A22DDE2CD00FB7494 /* FrontPagePhoto.swift */,
				9FF85D6C22DDAD6700FB7494 /* SignIn.swift */,
				9FF85D7022DDB8B200FB7494 /* Enter.swift */,
				9FE138F322DF4057006C4BE5 /* signInWeb.swift */,
			);
			path = swiftFiles;
			sourceTree = "<group>";
		};
		9FC2289E22CB339400D8871D = {
			isa = PBXGroup;
			children = (
				9FC228A922CB339400D8871D /* ProjectLife */,
				9FC228BF22CB339500D8871D /* ProjectLifeTests */,
				9FC228CA22CB339500D8871D /* ProjectLifeUITests */,
				9FC228A822CB339400D8871D /* Products */,
			);
			sourceTree = "<group>";
		};
		9FC228A822CB339400D8871D /* Products */ = {
			isa = PBXGroup;
			children = (
				9FC228A722CB339400D8871D /* ProjectLife.app */,
				9FC228BC22CB339500D8871D /* ProjectLifeTests.xctest */,
				9FC228C722CB339500D8871D /* ProjectLifeUITests.xctest */,
			);
			name = Products;
			sourceTree = "<group>";
		};
		9FC228A922CB339400D8871D /* ProjectLife */ = {
			isa = PBXGroup;
			children = (
				9FF85D8222DE189C00FB7494 /* Pictures */,
				9FF85D7422DDD7D300FB7494 /* Middleware */,
				9FD1717D22DD9EE900222F24 /* Model */,
				9FD1717A22DD9EDF00222F24 /* Dal */,
				9FD1717522DD9EC900222F24 /* Handlers */,
				9FD1714B22D8D5A000222F24 /* Config */,
				9FC2291A22CB5B2800D8871D /* ViewControllers */,
				9FC2291422CB437C00D8871D /* WindowControllers */,
				9FC228AA22CB339400D8871D /* AppDelegate.swift */,
				9FC228AC22CB339400D8871D /* ViewController.swift */,
				9FC228B122CB339500D8871D /* Assets.xcassets */,
				9FD3171522DE245E002C3908 /* facebook-login-button-png-11.png */,
				9FC228B322CB339500D8871D /* Main.storyboard */,
				9FC228B622CB339500D8871D /* Info.plist */,
				9FC228B722CB339500D8871D /* ProjectLife.entitlements */,
				9FC228AE22CB339400D8871D /* ProjectLife.xcdatamodeld */,
			);
			path = ProjectLife;
			sourceTree = "<group>";
		};
		9FC228BF22CB339500D8871D /* ProjectLifeTests */ = {
			isa = PBXGroup;
			children = (
				9FC228C022CB339500D8871D /* ProjectLifeTests.swift */,
				9FC228C222CB339500D8871D /* Info.plist */,
			);
			path = ProjectLifeTests;
			sourceTree = "<group>";
		};
		9FC228CA22CB339500D8871D /* ProjectLifeUITests */ = {
			isa = PBXGroup;
			children = (
				9FC228CB22CB339500D8871D /* ProjectLifeUITests.swift */,
				9FC228CD22CB339500D8871D /* Info.plist */,
			);
			path = ProjectLifeUITests;
			sourceTree = "<group>";
		};
		9FC2291422CB437C00D8871D /* WindowControllers */ = {
			isa = PBXGroup;
			children = (
				9FD1715122D8D5C200222F24 /* MasterWindow.swift */,
				9FD1715022D8D5C200222F24 /* swiftFiles */,
			);
			path = WindowControllers;
			sourceTree = "<group>";
		};
		9FC2291A22CB5B2800D8871D /* ViewControllers */ = {
			isa = PBXGroup;
			children = (
				9FF85D7922DDE28500FB7494 /* ViewObjects */,
				9FD1714922D8D58500222F24 /* FrontPagePhoto.xib */,
				9FF85D6D22DDAD6700FB7494 /* SignIn.xib */,
				9FF85D7122DDB8B200FB7494 /* Enter.xib */,
				9FE138F422DF4057006C4BE5 /* signInWeb.xib */,
				9FB716CE22D4875C00423739 /* swiftFiles */,
			);
			path = ViewControllers;
			sourceTree = "<group>";
		};
		9FD1714B22D8D5A000222F24 /* Config */ = {
			isa = PBXGroup;
			children = (
				9FD1717322DD9E8500222F24 /* API.swift */,
				9FD1714C22D8D5A000222F24 /* UI.swift */,
			);
			path = Config;
			sourceTree = "<group>";
		};
		9FD1715022D8D5C200222F24 /* swiftFiles */ = {
			isa = PBXGroup;
			children = (
				9FD1715322D8D5CE00222F24 /* MasterWindow.xib */,
			);
			path = swiftFiles;
			sourceTree = "<group>";
		};
		9FD1717522DD9EC900222F24 /* Handlers */ = {
			isa = PBXGroup;
			children = (
				9FD1717622DD9EC900222F24 /* SignInHandler.swift */,
				9FD1717722DD9EC900222F24 /* UnlockHandler.swift */,
			);
			path = Handlers;
			sourceTree = "<group>";
		};
		9FD1717A22DD9EDF00222F24 /* Dal */ = {
			isa = PBXGroup;
			children = (
				9FD1717B22DD9EDF00222F24 /* Local Data */,
				9FD1717C22DD9EDF00222F24 /* Cloud Sync */,
			);
			path = Dal;
			sourceTree = "<group>";
		};
		9FD1717B22DD9EDF00222F24 /* Local Data */ = {
			isa = PBXGroup;
			children = (
			);
			path = "Local Data";
			sourceTree = "<group>";
		};
		9FD1717C22DD9EDF00222F24 /* Cloud Sync */ = {
			isa = PBXGroup;
			children = (
			);
			path = "Cloud Sync";
			sourceTree = "<group>";
		};
		9FD1717D22DD9EE900222F24 /* Model */ = {
			isa = PBXGroup;
			children = (
				9FD1717E22DD9EE900222F24 /* Project.xcdatamodeld */,
				9FD1718022DD9EE900222F24 /* Model.xcdatamodeld */,
			);
			path = Model;
			sourceTree = "<group>";
		};
		9FF85D7422DDD7D300FB7494 /* Middleware */ = {
			isa = PBXGroup;
			children = (
				9FF85D7522DDD7F300FB7494 /* UserDefaultsChange.swift */,
			);
			path = Middleware;
			sourceTree = "<group>";
		};
		9FF85D7922DDE28500FB7494 /* ViewObjects */ = {
			isa = PBXGroup;
			children = (
				9FF85D7E22DDE34D00FB7494 /* HoverButton.swift */,
			);
			path = ViewObjects;
			sourceTree = "<group>";
		};
		9FF85D8222DE189C00FB7494 /* Pictures */ = {
			isa = PBXGroup;
			children = (
				9FD3171A22DEC3B9002C3908 /* facebook.png */,
				9FD3171C22DEE293002C3908 /* google.png */,
			);
			path = Pictures;
			sourceTree = "<group>";
		};
/* End PBXGroup section */

/* Begin PBXNativeTarget section */
		9FC228A622CB339400D8871D /* ProjectLife */ = {
			isa = PBXNativeTarget;
			buildConfigurationList = 9FC228D022CB339500D8871D /* Build configuration list for PBXNativeTarget "ProjectLife" */;
			buildPhases = (
				9FC228A322CB339400D8871D /* Sources */,
				9FC228A422CB339400D8871D /* Frameworks */,
				9FC228A522CB339400D8871D /* Resources */,
			);
			buildRules = (
			);
			dependencies = (
			);
			name = ProjectLife;
			productName = ProjectLife;
			productReference = 9FC228A722CB339400D8871D /* ProjectLife.app */;
			productType = "com.apple.product-type.application";
		};
		9FC228BB22CB339500D8871D /* ProjectLifeTests */ = {
			isa = PBXNativeTarget;
			buildConfigurationList = 9FC228D322CB339500D8871D /* Build configuration list for PBXNativeTarget "ProjectLifeTests" */;
			buildPhases = (
				9FC228B822CB339500D8871D /* Sources */,
				9FC228B922CB339500D8871D /* Frameworks */,
				9FC228BA22CB339500D8871D /* Resources */,
			);
			buildRules = (
			);
			dependencies = (
				9FC228BE22CB339500D8871D /* PBXTargetDependency */,
			);
			name = ProjectLifeTests;
			productName = ProjectLifeTests;
			productReference = 9FC228BC22CB339500D8871D /* ProjectLifeTests.xctest */;
			productType = "com.apple.product-type.bundle.unit-test";
		};
		9FC228C622CB339500D8871D /* ProjectLifeUITests */ = {
			isa = PBXNativeTarget;
			buildConfigurationList = 9FC228D622CB339500D8871D /* Build configuration list for PBXNativeTarget "ProjectLifeUITests" */;
			buildPhases = (
				9FC228C322CB339500D8871D /* Sources */,
				9FC228C422CB339500D8871D /* Frameworks */,
				9FC228C522CB339500D8871D /* Resources */,
			);
			buildRules = (
			);
			dependencies = (
				9FC228C922CB339500D8871D /* PBXTargetDependency */,
			);
			name = ProjectLifeUITests;
			productName = ProjectLifeUITests;
			productReference = 9FC228C722CB339500D8871D /* ProjectLifeUITests.xctest */;
			productType = "com.apple.product-type.bundle.ui-testing";
		};
/* End PBXNativeTarget section */

/* Begin PBXProject section */
		9FC2289F22CB339400D8871D /* Project object */ = {
			isa = PBXProject;
			attributes = {
				LastSwiftUpdateCheck = 1020;
				LastUpgradeCheck = 1020;
				ORGANIZATIONNAME = Unprecedented;
				TargetAttributes = {
					9FC228A622CB339400D8871D = {
						CreatedOnToolsVersion = 10.2.1;
					};
					9FC228BB22CB339500D8871D = {
						CreatedOnToolsVersion = 10.2.1;
						TestTargetID = 9FC228A622CB339400D8871D;
					};
					9FC228C622CB339500D8871D = {
						CreatedOnToolsVersion = 10.2.1;
						TestTargetID = 9FC228A622CB339400D8871D;
					};
				};
			};
			buildConfigurationList = 9FC228A222CB339400D8871D /* Build configuration list for PBXProject "ProjectLife" */;
			compatibilityVersion = "Xcode 9.3";
			developmentRegion = en;
			hasScannedForEncodings = 0;
			knownRegions = (
				en,
				Base,
			);
			mainGroup = 9FC2289E22CB339400D8871D;
			productRefGroup = 9FC228A822CB339400D8871D /* Products */;
			projectDirPath = "";
			projectRoot = "";
			targets = (
				9FC228A622CB339400D8871D /* ProjectLife */,
				9FC228BB22CB339500D8871D /* ProjectLifeTests */,
				9FC228C622CB339500D8871D /* ProjectLifeUITests */,
			);
		};
/* End PBXProject section */

/* Begin PBXResourcesBuildPhase section */
		9FC228A522CB339400D8871D /* Resources */ = {
			isa = PBXResourcesBuildPhase;
			buildActionMask = 2147483647;
			files = (
				9FD3171B22DEC9C2002C3908 /* facebook.png in Resources */,
				9FF85D7322DDB8B200FB7494 /* Enter.xib in Resources */,
				9FD3171D22DEE293002C3908 /* google.png in Resources */,
				9FC228B222CB339500D8871D /* Assets.xcassets in Resources */,
				9FC228B522CB339500D8871D /* Main.storyboard in Resources */,
				9FD1714A22D8D58500222F24 /* FrontPagePhoto.xib in Resources */,
				9FD1715422D8D5CE00222F24 /* MasterWindow.xib in Resources */,
				9FE138F622DF4057006C4BE5 /* signInWeb.xib in Resources */,
				9FF85D6F22DDAD6700FB7494 /* SignIn.xib in Resources */,
			);
			runOnlyForDeploymentPostprocessing = 0;
		};
		9FC228BA22CB339500D8871D /* Resources */ = {
			isa = PBXResourcesBuildPhase;
			buildActionMask = 2147483647;
			files = (
			);
			runOnlyForDeploymentPostprocessing = 0;
		};
		9FC228C522CB339500D8871D /* Resources */ = {
			isa = PBXResourcesBuildPhase;
			buildActionMask = 2147483647;
			files = (
			);
			runOnlyForDeploymentPostprocessing = 0;
		};
/* End PBXResourcesBuildPhase section */

/* Begin PBXSourcesBuildPhase section */
		9FC228A322CB339400D8871D /* Sources */ = {
			isa = PBXSourcesBuildPhase;
			buildActionMask = 2147483647;
			files = (
				9FE138F522DF4057006C4BE5 /* signInWeb.swift in Sources */,
				9FD1715222D8D5C200222F24 /* MasterWindow.swift in Sources */,
				9FF85D7222DDB8B200FB7494 /* Enter.swift in Sources */,
				9FD1717922DD9EC900222F24 /* UnlockHandler.swift in Sources */,
				9FF85D7F22DDE34D00FB7494 /* HoverButton.swift in Sources */,
				9FC228AD22CB339400D8871D /* ViewController.swift in Sources */,
				9FC228B022CB339400D8871D /* ProjectLife.xcdatamodeld in Sources */,
				9FC228AB22CB339400D8871D /* AppDelegate.swift in Sources */,
				9FD1717822DD9EC900222F24 /* SignInHandler.swift in Sources */,
				9FF85D7622DDD7F300FB7494 /* UserDefaultsChange.swift in Sources */,
				9FF85D6E22DDAD6700FB7494 /* SignIn.swift in Sources */,
				9FD1718222DD9EE900222F24 /* Project.xcdatamodeld in Sources */,
				9FD1717422DD9E8500222F24 /* API.swift in Sources */,
				9FD1718322DD9EE900222F24 /* Model.xcdatamodeld in Sources */,
				9FF85D7B22DDE2CD00FB7494 /* FrontPagePhoto.swift in Sources */,
				9FD1714E22D8D5A000222F24 /* UI.swift in Sources */,
			);
			runOnlyForDeploymentPostprocessing = 0;
		};
		9FC228B822CB339500D8871D /* Sources */ = {
			isa = PBXSourcesBuildPhase;
			buildActionMask = 2147483647;
			files = (
				9FC228C122CB339500D8871D /* ProjectLifeTests.swift in Sources */,
			);
			runOnlyForDeploymentPostprocessing = 0;
		};
		9FC228C322CB339500D8871D /* Sources */ = {
			isa = PBXSourcesBuildPhase;
			buildActionMask = 2147483647;
			files = (
				9FC228CC22CB339500D8871D /* ProjectLifeUITests.swift in Sources */,
			);
			runOnlyForDeploymentPostprocessing = 0;
		};
/* End PBXSourcesBuildPhase section */

/* Begin PBXTargetDependency section */
		9FC228BE22CB339500D8871D /* PBXTargetDependency */ = {
			isa = PBXTargetDependency;
			target = 9FC228A622CB339400D8871D /* ProjectLife */;
			targetProxy = 9FC228BD22CB339500D8871D /* PBXContainerItemProxy */;
		};
		9FC228C922CB339500D8871D /* PBXTargetDependency */ = {
			isa = PBXTargetDependency;
			target = 9FC228A622CB339400D8871D /* ProjectLife */;
			targetProxy = 9FC228C822CB339500D8871D /* PBXContainerItemProxy */;
		};
/* End PBXTargetDependency section */

/* Begin PBXVariantGroup section */
		9FC228B322CB339500D8871D /* Main.storyboard */ = {
			isa = PBXVariantGroup;
			children = (
				9FC228B422CB339500D8871D /* Base */,
			);
			name = Main.storyboard;
			sourceTree = "<group>";
		};
/* End PBXVariantGroup section */

/* Begin XCBuildConfiguration section */
		9FC228CE22CB339500D8871D /* Debug */ = {
			isa = XCBuildConfiguration;
			buildSettings = {
				ALWAYS_SEARCH_USER_PATHS = NO;
				CLANG_ANALYZER_NONNULL = YES;
				CLANG_ANALYZER_NUMBER_OBJECT_CONVERSION = YES_AGGRESSIVE;
				CLANG_CXX_LANGUAGE_STANDARD = "gnu++14";
				CLANG_CXX_LIBRARY = "libc++";
				CLANG_ENABLE_MODULES = YES;
				CLANG_ENABLE_OBJC_ARC = YES;
				CLANG_ENABLE_OBJC_WEAK = YES;
				CLANG_WARN_BLOCK_CAPTURE_AUTORELEASING = YES;
				CLANG_WARN_BOOL_CONVERSION = YES;
				CLANG_WARN_COMMA = YES;
				CLANG_WARN_CONSTANT_CONVERSION = YES;
				CLANG_WARN_DEPRECATED_OBJC_IMPLEMENTATIONS = YES;
				CLANG_WARN_DIRECT_OBJC_ISA_USAGE = YES_ERROR;
				CLANG_WARN_DOCUMENTATION_COMMENTS = YES;
				CLANG_WARN_EMPTY_BODY = YES;
				CLANG_WARN_ENUM_CONVERSION = YES;
				CLANG_WARN_INFINITE_RECURSION = YES;
				CLANG_WARN_INT_CONVERSION = YES;
				CLANG_WARN_NON_LITERAL_NULL_CONVERSION = YES;
				CLANG_WARN_OBJC_IMPLICIT_RETAIN_SELF = YES;
				CLANG_WARN_OBJC_LITERAL_CONVERSION = YES;
				CLANG_WARN_OBJC_ROOT_CLASS = YES_ERROR;
				CLANG_WARN_RANGE_LOOP_ANALYSIS = YES;
				CLANG_WARN_STRICT_PROTOTYPES = YES;
				CLANG_WARN_SUSPICIOUS_MOVE = YES;
				CLANG_WARN_UNGUARDED_AVAILABILITY = YES_AGGRESSIVE;
				CLANG_WARN_UNREACHABLE_CODE = YES;
				CLANG_WARN__DUPLICATE_METHOD_MATCH = YES;
				CODE_SIGN_IDENTITY = "Mac Developer";
				COPY_PHASE_STRIP = NO;
				DEBUG_INFORMATION_FORMAT = dwarf;
				ENABLE_STRICT_OBJC_MSGSEND = YES;
				ENABLE_TESTABILITY = YES;
				GCC_C_LANGUAGE_STANDARD = gnu11;
				GCC_DYNAMIC_NO_PIC = NO;
				GCC_NO_COMMON_BLOCKS = YES;
				GCC_OPTIMIZATION_LEVEL = 0;
				GCC_PREPROCESSOR_DEFINITIONS = (
					"DEBUG=1",
					"$(inherited)",
				);
				GCC_WARN_64_TO_32_BIT_CONVERSION = YES;
				GCC_WARN_ABOUT_RETURN_TYPE = YES_ERROR;
				GCC_WARN_UNDECLARED_SELECTOR = YES;
				GCC_WARN_UNINITIALIZED_AUTOS = YES_AGGRESSIVE;
				GCC_WARN_UNUSED_FUNCTION = YES;
				GCC_WARN_UNUSED_VARIABLE = YES;
				MACOSX_DEPLOYMENT_TARGET = 10.14;
				MTL_ENABLE_DEBUG_INFO = INCLUDE_SOURCE;
				MTL_FAST_MATH = YES;
				ONLY_ACTIVE_ARCH = YES;
				SDKROOT = macosx;
				SWIFT_ACTIVE_COMPILATION_CONDITIONS = DEBUG;
				SWIFT_OPTIMIZATION_LEVEL = "-Onone";
			};
			name = Debug;
		};
		9FC228CF22CB339500D8871D /* Release */ = {
			isa = XCBuildConfiguration;
			buildSettings = {
				ALWAYS_SEARCH_USER_PATHS = NO;
				CLANG_ANALYZER_NONNULL = YES;
				CLANG_ANALYZER_NUMBER_OBJECT_CONVERSION = YES_AGGRESSIVE;
				CLANG_CXX_LANGUAGE_STANDARD = "gnu++14";
				CLANG_CXX_LIBRARY = "libc++";
				CLANG_ENABLE_MODULES = YES;
				CLANG_ENABLE_OBJC_ARC = YES;
				CLANG_ENABLE_OBJC_WEAK = YES;
				CLANG_WARN_BLOCK_CAPTURE_AUTORELEASING = YES;
				CLANG_WARN_BOOL_CONVERSION = YES;
				CLANG_WARN_COMMA = YES;
				CLANG_WARN_CONSTANT_CONVERSION = YES;
				CLANG_WARN_DEPRECATED_OBJC_IMPLEMENTATIONS = YES;
				CLANG_WARN_DIRECT_OBJC_ISA_USAGE = YES_ERROR;
				CLANG_WARN_DOCUMENTATION_COMMENTS = YES;
				CLANG_WARN_EMPTY_BODY = YES;
				CLANG_WARN_ENUM_CONVERSION = YES;
				CLANG_WARN_INFINITE_RECURSION = YES;
				CLANG_WARN_INT_CONVERSION = YES;
				CLANG_WARN_NON_LITERAL_NULL_CONVERSION = YES;
				CLANG_WARN_OBJC_IMPLICIT_RETAIN_SELF = YES;
				CLANG_WARN_OBJC_LITERAL_CONVERSION = YES;
				CLANG_WARN_OBJC_ROOT_CLASS = YES_ERROR;
				CLANG_WARN_RANGE_LOOP_ANALYSIS = YES;
				CLANG_WARN_STRICT_PROTOTYPES = YES;
				CLANG_WARN_SUSPICIOUS_MOVE = YES;
				CLANG_WARN_UNGUARDED_AVAILABILITY = YES_AGGRESSIVE;
				CLANG_WARN_UNREACHABLE_CODE = YES;
				CLANG_WARN__DUPLICATE_METHOD_MATCH = YES;
				CODE_SIGN_IDENTITY = "Mac Developer";
				COPY_PHASE_STRIP = NO;
				DEBUG_INFORMATION_FORMAT = "dwarf-with-dsym";
				ENABLE_NS_ASSERTIONS = NO;
				ENABLE_STRICT_OBJC_MSGSEND = YES;
				GCC_C_LANGUAGE_STANDARD = gnu11;
				GCC_NO_COMMON_BLOCKS = YES;
				GCC_WARN_64_TO_32_BIT_CONVERSION = YES;
				GCC_WARN_ABOUT_RETURN_TYPE = YES_ERROR;
				GCC_WARN_UNDECLARED_SELECTOR = YES;
				GCC_WARN_UNINITIALIZED_AUTOS = YES_AGGRESSIVE;
				GCC_WARN_UNUSED_FUNCTION = YES;
				GCC_WARN_UNUSED_VARIABLE = YES;
				MACOSX_DEPLOYMENT_TARGET = 10.14;
				MTL_ENABLE_DEBUG_INFO = NO;
				MTL_FAST_MATH = YES;
				SDKROOT = macosx;
				SWIFT_COMPILATION_MODE = wholemodule;
				SWIFT_OPTIMIZATION_LEVEL = "-O";
			};
			name = Release;
		};
		9FC228D122CB339500D8871D /* Debug */ = {
			isa = XCBuildConfiguration;
			buildSettings = {
				ASSETCATALOG_COMPILER_APPICON_NAME = AppIcon;
				CODE_SIGN_ENTITLEMENTS = ProjectLife/ProjectLife.entitlements;
				CODE_SIGN_STYLE = Automatic;
				COMBINE_HIDPI_IMAGES = YES;
				DEVELOPMENT_TEAM = ZF453C8DZR;
				INFOPLIST_FILE = ProjectLife/Info.plist;
				LD_RUNPATH_SEARCH_PATHS = (
					"$(inherited)",
					"@executable_path/../Frameworks",
				);
				PRODUCT_BUNDLE_IDENTIFIER = Unprecedented.ProjectLife;
				PRODUCT_NAME = "$(TARGET_NAME)";
				SWIFT_VERSION = 5.0;
			};
			name = Debug;
		};
		9FC228D222CB339500D8871D /* Release */ = {
			isa = XCBuildConfiguration;
			buildSettings = {
				ASSETCATALOG_COMPILER_APPICON_NAME = AppIcon;
				CODE_SIGN_ENTITLEMENTS = ProjectLife/ProjectLife.entitlements;
				CODE_SIGN_STYLE = Automatic;
				COMBINE_HIDPI_IMAGES = YES;
				DEVELOPMENT_TEAM = ZF453C8DZR;
				INFOPLIST_FILE = ProjectLife/Info.plist;
				LD_RUNPATH_SEARCH_PATHS = (
					"$(inherited)",
					"@executable_path/../Frameworks",
				);
				PRODUCT_BUNDLE_IDENTIFIER = Unprecedented.ProjectLife;
				PRODUCT_NAME = "$(TARGET_NAME)";
				SWIFT_VERSION = 5.0;
			};
			name = Release;
		};
		9FC228D422CB339500D8871D /* Debug */ = {
			isa = XCBuildConfiguration;
			buildSettings = {
				ALWAYS_EMBED_SWIFT_STANDARD_LIBRARIES = YES;
				BUNDLE_LOADER = "$(TEST_HOST)";
				CODE_SIGN_STYLE = Automatic;
				COMBINE_HIDPI_IMAGES = YES;
				DEVELOPMENT_TEAM = ZF453C8DZR;
				INFOPLIST_FILE = ProjectLifeTests/Info.plist;
				LD_RUNPATH_SEARCH_PATHS = (
					"$(inherited)",
					"@executable_path/../Frameworks",
					"@loader_path/../Frameworks",
				);
				PRODUCT_BUNDLE_IDENTIFIER = Unprecedented.ProjectLifeTests;
				PRODUCT_NAME = "$(TARGET_NAME)";
				SWIFT_VERSION = 5.0;
				TEST_HOST = "$(BUILT_PRODUCTS_DIR)/ProjectLife.app/Contents/MacOS/ProjectLife";
			};
			name = Debug;
		};
		9FC228D522CB339500D8871D /* Release */ = {
			isa = XCBuildConfiguration;
			buildSettings = {
				ALWAYS_EMBED_SWIFT_STANDARD_LIBRARIES = YES;
				BUNDLE_LOADER = "$(TEST_HOST)";
				CODE_SIGN_STYLE = Automatic;
				COMBINE_HIDPI_IMAGES = YES;
				DEVELOPMENT_TEAM = ZF453C8DZR;
				INFOPLIST_FILE = ProjectLifeTests/Info.plist;
				LD_RUNPATH_SEARCH_PATHS = (
					"$(inherited)",
					"@executable_path/../Frameworks",
					"@loader_path/../Frameworks",
				);
				PRODUCT_BUNDLE_IDENTIFIER = Unprecedented.ProjectLifeTests;
				PRODUCT_NAME = "$(TARGET_NAME)";
				SWIFT_VERSION = 5.0;
				TEST_HOST = "$(BUILT_PRODUCTS_DIR)/ProjectLife.app/Contents/MacOS/ProjectLife";
			};
			name = Release;
		};
		9FC228D722CB339500D8871D /* Debug */ = {
			isa = XCBuildConfiguration;
			buildSettings = {
				ALWAYS_EMBED_SWIFT_STANDARD_LIBRARIES = YES;
				CODE_SIGN_STYLE = Automatic;
				COMBINE_HIDPI_IMAGES = YES;
				DEVELOPMENT_TEAM = ZF453C8DZR;
				INFOPLIST_FILE = ProjectLifeUITests/Info.plist;
				LD_RUNPATH_SEARCH_PATHS = (
					"$(inherited)",
					"@executable_path/../Frameworks",
					"@loader_path/../Frameworks",
				);
				PRODUCT_BUNDLE_IDENTIFIER = Unprecedented.ProjectLifeUITests;
				PRODUCT_NAME = "$(TARGET_NAME)";
				SWIFT_VERSION = 5.0;
				TEST_TARGET_NAME = ProjectLife;
			};
			name = Debug;
		};
		9FC228D822CB339500D8871D /* Release */ = {
			isa = XCBuildConfiguration;
			buildSettings = {
				ALWAYS_EMBED_SWIFT_STANDARD_LIBRARIES = YES;
				CODE_SIGN_STYLE = Automatic;
				COMBINE_HIDPI_IMAGES = YES;
				DEVELOPMENT_TEAM = ZF453C8DZR;
				INFOPLIST_FILE = ProjectLifeUITests/Info.plist;
				LD_RUNPATH_SEARCH_PATHS = (
					"$(inherited)",
					"@executable_path/../Frameworks",
					"@loader_path/../Frameworks",
				);
				PRODUCT_BUNDLE_IDENTIFIER = Unprecedented.ProjectLifeUITests;
				PRODUCT_NAME = "$(TARGET_NAME)";
				SWIFT_VERSION = 5.0;
				TEST_TARGET_NAME = ProjectLife;
			};
			name = Release;
		};
/* End XCBuildConfiguration section */

/* Begin XCConfigurationList section */
		9FC228A222CB339400D8871D /* Build configuration list for PBXProject "ProjectLife" */ = {
			isa = XCConfigurationList;
			buildConfigurations = (
				9FC228CE22CB339500D8871D /* Debug */,
				9FC228CF22CB339500D8871D /* Release */,
			);
			defaultConfigurationIsVisible = 0;
			defaultConfigurationName = Release;
		};
		9FC228D022CB339500D8871D /* Build configuration list for PBXNativeTarget "ProjectLife" */ = {
			isa = XCConfigurationList;
			buildConfigurations = (
				9FC228D122CB339500D8871D /* Debug */,
				9FC228D222CB339500D8871D /* Release */,
			);
			defaultConfigurationIsVisible = 0;
			defaultConfigurationName = Release;
		};
		9FC228D322CB339500D8871D /* Build configuration list for PBXNativeTarget "ProjectLifeTests" */ = {
			isa = XCConfigurationList;
			buildConfigurations = (
				9FC228D422CB339500D8871D /* Debug */,
				9FC228D522CB339500D8871D /* Release */,
			);
			defaultConfigurationIsVisible = 0;
			defaultConfigurationName = Release;
		};
		9FC228D622CB339500D8871D /* Build configuration list for PBXNativeTarget "ProjectLifeUITests" */ = {
			isa = XCConfigurationList;
			buildConfigurations = (
				9FC228D722CB339500D8871D /* Debug */,
				9FC228D822CB339500D8871D /* Release */,
			);
			defaultConfigurationIsVisible = 0;
			defaultConfigurationName = Release;
		};
/* End XCConfigurationList section */

/* Begin XCVersionGroup section */
		9FC228AE22CB339400D8871D /* ProjectLife.xcdatamodeld */ = {
			isa = XCVersionGroup;
			children = (
				9FC228AF22CB339400D8871D /* ProjectLife.xcdatamodel */,
			);
			currentVersion = 9FC228AF22CB339400D8871D /* ProjectLife.xcdatamodel */;
			path = ProjectLife.xcdatamodeld;
			sourceTree = "<group>";
			versionGroupType = wrapper.xcdatamodel;
		};
		9FD1717E22DD9EE900222F24 /* Project.xcdatamodeld */ = {
			isa = XCVersionGroup;
			children = (
				9FD1717F22DD9EE900222F24 /* Project.xcdatamodel */,
			);
			currentVersion = 9FD1717F22DD9EE900222F24 /* Project.xcdatamodel */;
			path = Project.xcdatamodeld;
			sourceTree = "<group>";
			versionGroupType = wrapper.xcdatamodel;
		};
		9FD1718022DD9EE900222F24 /* Model.xcdatamodeld */ = {
			isa = XCVersionGroup;
			children = (
				9FD1718122DD9EE900222F24 /* Model.xcdatamodel */,
			);
			currentVersion = 9FD1718122DD9EE900222F24 /* Model.xcdatamodel */;
			path = Model.xcdatamodeld;
			sourceTree = "<group>";
			versionGroupType = wrapper.xcdatamodel;
		};
/* End XCVersionGroup section */
	};
	rootObject = 9FC2289F22CB339400D8871D /* Project object */;
}
