// !$*UTF8*$!
{
	archiveVersion = 1;
	classes = {
	};
	objectVersion = 50;
	objects = {

/* Begin PBXBuildFile section */
		9F036B9F2308690D00E23442 /* percentageAssertion.swift in Sources */ = {isa = PBXBuildFile; fileRef = 9F036B9D2308690D00E23442 /* percentageAssertion.swift */; };
		9F036BA02308690D00E23442 /* percentageAssertion.xib in Resources */ = {isa = PBXBuildFile; fileRef = 9F036B9E2308690D00E23442 /* percentageAssertion.xib */; };
		9F036BA3230958B600E23442 /* singlePlan.swift in Sources */ = {isa = PBXBuildFile; fileRef = 9F036BA1230958B600E23442 /* singlePlan.swift */; };
		9F036BA4230958B600E23442 /* singlePlan.xib in Resources */ = {isa = PBXBuildFile; fileRef = 9F036BA2230958B600E23442 /* singlePlan.xib */; };
		9F036BA7230D308600E23442 /* ShowArchivedProjectsButton.swift in Sources */ = {isa = PBXBuildFile; fileRef = 9F036BA5230D308600E23442 /* ShowArchivedProjectsButton.swift */; };
		9F036BA8230D308600E23442 /* ShowArchivedProjectsButton.xib in Resources */ = {isa = PBXBuildFile; fileRef = 9F036BA6230D308600E23442 /* ShowArchivedProjectsButton.xib */; };
		9F036BAB230D321D00E23442 /* ArchivedStack.swift in Sources */ = {isa = PBXBuildFile; fileRef = 9F036BA9230D321D00E23442 /* ArchivedStack.swift */; };
		9F036BAC230D321D00E23442 /* ArchivedStack.xib in Resources */ = {isa = PBXBuildFile; fileRef = 9F036BAA230D321D00E23442 /* ArchivedStack.xib */; };
		9F036BAF230D5E2900E23442 /* deleteConfirmation.swift in Sources */ = {isa = PBXBuildFile; fileRef = 9F036BAD230D5E2900E23442 /* deleteConfirmation.swift */; };
		9F036BB0230D5E2900E23442 /* deleteConfirmation.xib in Resources */ = {isa = PBXBuildFile; fileRef = 9F036BAE230D5E2900E23442 /* deleteConfirmation.xib */; };
		9F09BC0822F025DC006D6A7F /* backgroundWall.swift in Sources */ = {isa = PBXBuildFile; fileRef = 9F09BC0622F025DC006D6A7F /* backgroundWall.swift */; };
		9F09BC0922F025DC006D6A7F /* backgroundWall.xib in Resources */ = {isa = PBXBuildFile; fileRef = 9F09BC0722F025DC006D6A7F /* backgroundWall.xib */; };
		9F09BC0B22F07D96006D6A7F /* customTimer.swift in Sources */ = {isa = PBXBuildFile; fileRef = 9F09BC0A22F07D96006D6A7F /* customTimer.swift */; };
		9F09BC1022F09513006D6A7F /* BringToFront.swift in Sources */ = {isa = PBXBuildFile; fileRef = 9F09BC0F22F09513006D6A7F /* BringToFront.swift */; };
		9F09BC1322F14834006D6A7F /* RootPage.swift in Sources */ = {isa = PBXBuildFile; fileRef = 9F09BC1122F14834006D6A7F /* RootPage.swift */; };
		9F09BC1422F14834006D6A7F /* RootPage.xib in Resources */ = {isa = PBXBuildFile; fileRef = 9F09BC1222F14834006D6A7F /* RootPage.xib */; };
		9F09BC1822F150E6006D6A7F /* projectTitle.swift in Sources */ = {isa = PBXBuildFile; fileRef = 9F09BC1622F150E6006D6A7F /* projectTitle.swift */; };
		9F09BC1922F150E6006D6A7F /* projectTitle.xib in Resources */ = {isa = PBXBuildFile; fileRef = 9F09BC1722F150E6006D6A7F /* projectTitle.xib */; };
		9F09BC2022F15978006D6A7F /* VerticalStack.swift in Sources */ = {isa = PBXBuildFile; fileRef = 9F09BC1E22F15978006D6A7F /* VerticalStack.swift */; };
		9F09BC2122F15978006D6A7F /* VerticalStack.xib in Resources */ = {isa = PBXBuildFile; fileRef = 9F09BC1F22F15978006D6A7F /* VerticalStack.xib */; };
		9F09BC2422F17309006D6A7F /* VerticalSplit.swift in Sources */ = {isa = PBXBuildFile; fileRef = 9F09BC2222F17309006D6A7F /* VerticalSplit.swift */; };
		9F09BC2522F17309006D6A7F /* VerticalSplit.xib in Resources */ = {isa = PBXBuildFile; fileRef = 9F09BC2322F17309006D6A7F /* VerticalSplit.xib */; };
		9F0E9AD322EDC7DE002D42A2 /* dalGlobal.swift in Sources */ = {isa = PBXBuildFile; fileRef = 9F0E9AD222EDC7DE002D42A2 /* dalGlobal.swift */; };
		9F0E9AD622EEB9BF002D42A2 /* AskForPayment.swift in Sources */ = {isa = PBXBuildFile; fileRef = 9F0E9AD422EEB9BF002D42A2 /* AskForPayment.swift */; };
		9F0E9AD722EEB9BF002D42A2 /* AskForPayment.xib in Resources */ = {isa = PBXBuildFile; fileRef = 9F0E9AD522EEB9BF002D42A2 /* AskForPayment.xib */; };
		9F15912F2314EC7900356732 /* trivialLine.swift in Sources */ = {isa = PBXBuildFile; fileRef = 9F15912D2314EC7900356732 /* trivialLine.swift */; };
		9F1591302314EC7900356732 /* trivialLine.xib in Resources */ = {isa = PBXBuildFile; fileRef = 9F15912E2314EC7900356732 /* trivialLine.xib */; };
		9F1591332315130400356732 /* daySelectGlobal.swift in Sources */ = {isa = PBXBuildFile; fileRef = 9F1591312315130400356732 /* daySelectGlobal.swift */; };
		9F1EF5FF23081C51007A4B46 /* facebook.png in Resources */ = {isa = PBXBuildFile; fileRef = 9F1EF5FE23081C51007A4B46 /* facebook.png */; };
		9F558C3C22E73F4900CAB4CE /* Revenue.swift in Sources */ = {isa = PBXBuildFile; fileRef = 9F558C3B22E73F4900CAB4CE /* Revenue.swift */; };
		9F558C3F22E7456E00CAB4CE /* NickName.swift in Sources */ = {isa = PBXBuildFile; fileRef = 9F558C3D22E7456E00CAB4CE /* NickName.swift */; };
		9F558C4022E7456E00CAB4CE /* NickName.xib in Resources */ = {isa = PBXBuildFile; fileRef = 9F558C3E22E7456E00CAB4CE /* NickName.xib */; };
		9F62274622F82F970041B60B /* addButton.swift in Sources */ = {isa = PBXBuildFile; fileRef = 9F62274422F82F970041B60B /* addButton.swift */; };
		9F62274722F82F970041B60B /* addButton.xib in Resources */ = {isa = PBXBuildFile; fileRef = 9F62274522F82F970041B60B /* addButton.xib */; };
		9F62274A22F83FDD0041B60B /* projectStack.swift in Sources */ = {isa = PBXBuildFile; fileRef = 9F62274822F83FDD0041B60B /* projectStack.swift */; };
		9F62274B22F83FDD0041B60B /* projectStack.xib in Resources */ = {isa = PBXBuildFile; fileRef = 9F62274922F83FDD0041B60B /* projectStack.xib */; };
		9F62275222F930D00041B60B /* project.swift in Sources */ = {isa = PBXBuildFile; fileRef = 9F62275122F930D00041B60B /* project.swift */; };
		9F62275522FD55350041B60B /* DaysMaster.swift in Sources */ = {isa = PBXBuildFile; fileRef = 9F62275322FD55340041B60B /* DaysMaster.swift */; };
		9F62275622FD55350041B60B /* DaysMaster.xib in Resources */ = {isa = PBXBuildFile; fileRef = 9F62275422FD55340041B60B /* DaysMaster.xib */; };
		9F62275922FD6CC30041B60B /* DayTitle.swift in Sources */ = {isa = PBXBuildFile; fileRef = 9F62275722FD6CC30041B60B /* DayTitle.swift */; };
		9F62275A22FD6CC30041B60B /* DayTitle.xib in Resources */ = {isa = PBXBuildFile; fileRef = 9F62275822FD6CC30041B60B /* DayTitle.xib */; };
		9F62276523000BB60041B60B /* DayStack.swift in Sources */ = {isa = PBXBuildFile; fileRef = 9F62276323000BB60041B60B /* DayStack.swift */; };
		9F62276623000BB60041B60B /* DayStack.xib in Resources */ = {isa = PBXBuildFile; fileRef = 9F62276423000BB60041B60B /* DayStack.xib */; };
		9F622768230013DC0041B60B /* day.swift in Sources */ = {isa = PBXBuildFile; fileRef = 9F622767230013DC0041B60B /* day.swift */; };
		9F62276F23004E9B0041B60B /* dailyPlan.swift in Sources */ = {isa = PBXBuildFile; fileRef = 9F62276D23004E9B0041B60B /* dailyPlan.swift */; };
		9F62277023004E9B0041B60B /* dailyPlan.xib in Resources */ = {isa = PBXBuildFile; fileRef = 9F62276E23004E9B0041B60B /* dailyPlan.xib */; };
		9F62277323004EBB0041B60B /* dailyDone.swift in Sources */ = {isa = PBXBuildFile; fileRef = 9F62277123004EBB0041B60B /* dailyDone.swift */; };
		9F62277423004EBB0041B60B /* dailyDone.xib in Resources */ = {isa = PBXBuildFile; fileRef = 9F62277223004EBB0041B60B /* dailyDone.xib */; };
		9F62277B23004EFA0041B60B /* singleDone.swift in Sources */ = {isa = PBXBuildFile; fileRef = 9F62277923004EFA0041B60B /* singleDone.swift */; };
		9F62277C23004EFA0041B60B /* singleDone.xib in Resources */ = {isa = PBXBuildFile; fileRef = 9F62277A23004EFA0041B60B /* singleDone.xib */; };
		9F62277F2300506D0041B60B /* DayDetail.swift in Sources */ = {isa = PBXBuildFile; fileRef = 9F62277D2300506D0041B60B /* DayDetail.swift */; };
		9F6227802300506D0041B60B /* DayDetail.xib in Resources */ = {isa = PBXBuildFile; fileRef = 9F62277E2300506D0041B60B /* DayDetail.xib */; };
		9F622783230055340041B60B /* add.swift in Sources */ = {isa = PBXBuildFile; fileRef = 9F622781230055340041B60B /* add.swift */; };
		9F622784230055340041B60B /* add.xib in Resources */ = {isa = PBXBuildFile; fileRef = 9F622782230055340041B60B /* add.xib */; };
		9F622787230055540041B60B /* edit.swift in Sources */ = {isa = PBXBuildFile; fileRef = 9F622785230055540041B60B /* edit.swift */; };
		9F622788230055540041B60B /* edit.xib in Resources */ = {isa = PBXBuildFile; fileRef = 9F622786230055540041B60B /* edit.xib */; };
		9F6C6E1123042E3900D1D665 /* moveHelperGlobal.swift in Sources */ = {isa = PBXBuildFile; fileRef = 9F6C6E1023042E3900D1D665 /* moveHelperGlobal.swift */; };
		9F7D3C1522E8AAB800F53A66 /* lineDrawer.swift in Sources */ = {isa = PBXBuildFile; fileRef = 9F7D3C1422E8AAB800F53A66 /* lineDrawer.swift */; };
		9F819EEB22F1B61C00CC882A /* RoundedTextField.swift in Sources */ = {isa = PBXBuildFile; fileRef = 9F819EEA22F1B61C00CC882A /* RoundedTextField.swift */; };
		9F8DB3EA2305487F0097A6B4 /* SectionStack.swift in Sources */ = {isa = PBXBuildFile; fileRef = 9F8DB3E82305487F0097A6B4 /* SectionStack.swift */; };
		9F8DB3EB2305487F0097A6B4 /* SectionStack.xib in Resources */ = {isa = PBXBuildFile; fileRef = 9F8DB3E92305487F0097A6B4 /* SectionStack.xib */; };
		9F8DB3F0230568640097A6B4 /* options.swift in Sources */ = {isa = PBXBuildFile; fileRef = 9F8DB3EE230568640097A6B4 /* options.swift */; };
		9F8DB3F1230568640097A6B4 /* options.xib in Resources */ = {isa = PBXBuildFile; fileRef = 9F8DB3EF230568640097A6B4 /* options.xib */; };
		9F8DB3F423056BA10097A6B4 /* reactivate.swift in Sources */ = {isa = PBXBuildFile; fileRef = 9F8DB3F223056BA10097A6B4 /* reactivate.swift */; };
		9F8DB3F523056BA10097A6B4 /* reactivate.xib in Resources */ = {isa = PBXBuildFile; fileRef = 9F8DB3F323056BA10097A6B4 /* reactivate.xib */; };
		9F8DB3FE230594520097A6B4 /* planForDay.swift in Sources */ = {isa = PBXBuildFile; fileRef = 9F8DB3FC230594520097A6B4 /* planForDay.swift */; };
		9F8DB3FF230594520097A6B4 /* planForDay.xib in Resources */ = {isa = PBXBuildFile; fileRef = 9F8DB3FD230594520097A6B4 /* planForDay.xib */; };
		9F8DB407230594FC0097A6B4 /* close.swift in Sources */ = {isa = PBXBuildFile; fileRef = 9F8DB405230594FC0097A6B4 /* close.swift */; };
		9F8DB408230594FC0097A6B4 /* close.xib in Resources */ = {isa = PBXBuildFile; fileRef = 9F8DB406230594FC0097A6B4 /* close.xib */; };
		9F8DB40A23059C650097A6B4 /* dateUtils.swift in Sources */ = {isa = PBXBuildFile; fileRef = 9F8DB40923059C650097A6B4 /* dateUtils.swift */; };
		9F8DB40D2305B72A0097A6B4 /* optionWrapper.swift in Sources */ = {isa = PBXBuildFile; fileRef = 9F8DB40B2305B72A0097A6B4 /* optionWrapper.swift */; };
		9F8DB40E2305B72A0097A6B4 /* optionWrapper.xib in Resources */ = {isa = PBXBuildFile; fileRef = 9F8DB40C2305B72A0097A6B4 /* optionWrapper.xib */; };
		9F9F263B22F440380053463B /* SectionTitle.swift in Sources */ = {isa = PBXBuildFile; fileRef = 9F9F263922F440380053463B /* SectionTitle.swift */; };
		9F9F263C22F440380053463B /* SectionTitle.xib in Resources */ = {isa = PBXBuildFile; fileRef = 9F9F263A22F440380053463B /* SectionTitle.xib */; };
		9F9F263F22F4416F0053463B /* HistoryContentScroll.swift in Sources */ = {isa = PBXBuildFile; fileRef = 9F9F263D22F4416F0053463B /* HistoryContentScroll.swift */; };
		9F9F264022F4416F0053463B /* HistoryContentScroll.xib in Resources */ = {isa = PBXBuildFile; fileRef = 9F9F263E22F4416F0053463B /* HistoryContentScroll.xib */; };
		9F9F264322F441810053463B /* CustomContentScroll.swift in Sources */ = {isa = PBXBuildFile; fileRef = 9F9F264122F441810053463B /* CustomContentScroll.swift */; };
		9F9F264422F441810053463B /* CustomContentScroll.xib in Resources */ = {isa = PBXBuildFile; fileRef = 9F9F264222F441810053463B /* CustomContentScroll.xib */; };
		9F9F264722F4419F0053463B /* ChallengesContentScroll.swift in Sources */ = {isa = PBXBuildFile; fileRef = 9F9F264522F4419F0053463B /* ChallengesContentScroll.swift */; };
		9F9F264822F4419F0053463B /* ChallengesContentScroll.xib in Resources */ = {isa = PBXBuildFile; fileRef = 9F9F264622F4419F0053463B /* ChallengesContentScroll.xib */; };
		9F9F264B22F442FE0053463B /* Adds.swift in Sources */ = {isa = PBXBuildFile; fileRef = 9F9F264922F442FE0053463B /* Adds.swift */; };
		9F9F264C22F442FE0053463B /* Adds.xib in Resources */ = {isa = PBXBuildFile; fileRef = 9F9F264A22F442FE0053463B /* Adds.xib */; };
		9F9F264F22F449900053463B /* DetailContentScroll.swift in Sources */ = {isa = PBXBuildFile; fileRef = 9F9F264D22F449900053463B /* DetailContentScroll.swift */; };
		9F9F265022F449900053463B /* DetailContentScroll.xib in Resources */ = {isa = PBXBuildFile; fileRef = 9F9F264E22F449900053463B /* DetailContentScroll.xib */; };
		9F9F265722F45F720053463B /* projectDetail.swift in Sources */ = {isa = PBXBuildFile; fileRef = 9F9F265522F45F720053463B /* projectDetail.swift */; };
		9F9F265822F45F720053463B /* projectDetail.xib in Resources */ = {isa = PBXBuildFile; fileRef = 9F9F265622F45F720053463B /* projectDetail.xib */; };
		9FC228AB22CB339400D8871D /* AppDelegate.swift in Sources */ = {isa = PBXBuildFile; fileRef = 9FC228AA22CB339400D8871D /* AppDelegate.swift */; };
		9FC228AD22CB339400D8871D /* ViewController.swift in Sources */ = {isa = PBXBuildFile; fileRef = 9FC228AC22CB339400D8871D /* ViewController.swift */; };
		9FC228B022CB339400D8871D /* ProjectLife.xcdatamodeld in Sources */ = {isa = PBXBuildFile; fileRef = 9FC228AE22CB339400D8871D /* ProjectLife.xcdatamodeld */; };
		9FC228B222CB339500D8871D /* Assets.xcassets in Resources */ = {isa = PBXBuildFile; fileRef = 9FC228B122CB339500D8871D /* Assets.xcassets */; };
		9FC228B522CB339500D8871D /* Main.storyboard in Resources */ = {isa = PBXBuildFile; fileRef = 9FC228B322CB339500D8871D /* Main.storyboard */; };
		9FC228C122CB339500D8871D /* ProjectLifeTests.swift in Sources */ = {isa = PBXBuildFile; fileRef = 9FC228C022CB339500D8871D /* ProjectLifeTests.swift */; };
		9FC228CC22CB339500D8871D /* ProjectLifeUITests.swift in Sources */ = {isa = PBXBuildFile; fileRef = 9FC228CB22CB339500D8871D /* ProjectLifeUITests.swift */; };
		9FCE803B230FD9750004A874 /* singleHistory.swift in Sources */ = {isa = PBXBuildFile; fileRef = 9FCE8039230FD9750004A874 /* singleHistory.swift */; };
		9FCE803C230FD9750004A874 /* singleHistory.xib in Resources */ = {isa = PBXBuildFile; fileRef = 9FCE803A230FD9750004A874 /* singleHistory.xib */; };
		9FCE803F230FD9C60004A874 /* singleDayHistory.swift in Sources */ = {isa = PBXBuildFile; fileRef = 9FCE803D230FD9C60004A874 /* singleDayHistory.swift */; };
		9FCE8040230FD9C60004A874 /* singleDayHistory.xib in Resources */ = {isa = PBXBuildFile; fileRef = 9FCE803E230FD9C60004A874 /* singleDayHistory.xib */; };
		9FD1714A22D8D58500222F24 /* FrontPagePhoto.xib in Resources */ = {isa = PBXBuildFile; fileRef = 9FD1714922D8D58500222F24 /* FrontPagePhoto.xib */; };
		9FD1714E22D8D5A000222F24 /* UI.swift in Sources */ = {isa = PBXBuildFile; fileRef = 9FD1714C22D8D5A000222F24 /* UI.swift */; };
		9FD1715222D8D5C200222F24 /* MasterWindow.swift in Sources */ = {isa = PBXBuildFile; fileRef = 9FD1715122D8D5C200222F24 /* MasterWindow.swift */; };
		9FD1715422D8D5CE00222F24 /* MasterWindow.xib in Resources */ = {isa = PBXBuildFile; fileRef = 9FD1715322D8D5CE00222F24 /* MasterWindow.xib */; };
		9FD1717422DD9E8500222F24 /* API.swift in Sources */ = {isa = PBXBuildFile; fileRef = 9FD1717322DD9E8500222F24 /* API.swift */; };
		9FD1717822DD9EC900222F24 /* SignInHandler.swift in Sources */ = {isa = PBXBuildFile; fileRef = 9FD1717622DD9EC900222F24 /* SignInHandler.swift */; };
		9FD1717922DD9EC900222F24 /* UnlockHandler.swift in Sources */ = {isa = PBXBuildFile; fileRef = 9FD1717722DD9EC900222F24 /* UnlockHandler.swift */; };
		9FD3171D22DEE293002C3908 /* google.png in Resources */ = {isa = PBXBuildFile; fileRef = 9FD3171C22DEE293002C3908 /* google.png */; };
		9FD56F2022E6CE4D00D6D819 /* ColorGetter.swift in Sources */ = {isa = PBXBuildFile; fileRef = 9FD56F1F22E6CE4D00D6D819 /* ColorGetter.swift */; };
		9FD56F2222E7063700D6D819 /* userInfo.swift in Sources */ = {isa = PBXBuildFile; fileRef = 9FD56F2122E7063700D6D819 /* userInfo.swift */; };
		9FE138F522DF4057006C4BE5 /* signInWeb.swift in Sources */ = {isa = PBXBuildFile; fileRef = 9FE138F322DF4057006C4BE5 /* signInWeb.swift */; };
		9FE138F622DF4057006C4BE5 /* signInWeb.xib in Resources */ = {isa = PBXBuildFile; fileRef = 9FE138F422DF4057006C4BE5 /* signInWeb.xib */; };
		9FF85D6E22DDAD6700FB7494 /* SignIn.swift in Sources */ = {isa = PBXBuildFile; fileRef = 9FF85D6C22DDAD6700FB7494 /* SignIn.swift */; };
		9FF85D6F22DDAD6700FB7494 /* SignIn.xib in Resources */ = {isa = PBXBuildFile; fileRef = 9FF85D6D22DDAD6700FB7494 /* SignIn.xib */; };
		9FF85D7222DDB8B200FB7494 /* Enter.swift in Sources */ = {isa = PBXBuildFile; fileRef = 9FF85D7022DDB8B200FB7494 /* Enter.swift */; };
		9FF85D7322DDB8B200FB7494 /* Enter.xib in Resources */ = {isa = PBXBuildFile; fileRef = 9FF85D7122DDB8B200FB7494 /* Enter.xib */; };
		9FF85D7622DDD7F300FB7494 /* UserDefaultsChange.swift in Sources */ = {isa = PBXBuildFile; fileRef = 9FF85D7522DDD7F300FB7494 /* UserDefaultsChange.swift */; };
		9FF85D7B22DDE2CD00FB7494 /* FrontPagePhoto.swift in Sources */ = {isa = PBXBuildFile; fileRef = 9FF85D7A22DDE2CD00FB7494 /* FrontPagePhoto.swift */; };
		9FF85D7F22DDE34D00FB7494 /* HoverButton.swift in Sources */ = {isa = PBXBuildFile; fileRef = 9FF85D7E22DDE34D00FB7494 /* HoverButton.swift */; };
/* End PBXBuildFile section */

/* Begin PBXContainerItemProxy section */
		9FC228BD22CB339500D8871D /* PBXContainerItemProxy */ = {
			isa = PBXContainerItemProxy;
			containerPortal = 9FC2289F22CB339400D8871D /* Project object */;
			proxyType = 1;
			remoteGlobalIDString = 9FC228A622CB339400D8871D;
			remoteInfo = ProjectLife;
		};
		9FC228C822CB339500D8871D /* PBXContainerItemProxy */ = {
			isa = PBXContainerItemProxy;
			containerPortal = 9FC2289F22CB339400D8871D /* Project object */;
			proxyType = 1;
			remoteGlobalIDString = 9FC228A622CB339400D8871D;
			remoteInfo = ProjectLife;
		};
/* End PBXContainerItemProxy section */

/* Begin PBXFileReference section */
		9F036B9D2308690D00E23442 /* percentageAssertion.swift */ = {isa = PBXFileReference; lastKnownFileType = sourcecode.swift; path = percentageAssertion.swift; sourceTree = "<group>"; };
		9F036B9E2308690D00E23442 /* percentageAssertion.xib */ = {isa = PBXFileReference; lastKnownFileType = file.xib; path = percentageAssertion.xib; sourceTree = "<group>"; };
		9F036BA1230958B600E23442 /* singlePlan.swift */ = {isa = PBXFileReference; lastKnownFileType = sourcecode.swift; path = singlePlan.swift; sourceTree = "<group>"; };
		9F036BA2230958B600E23442 /* singlePlan.xib */ = {isa = PBXFileReference; lastKnownFileType = file.xib; path = singlePlan.xib; sourceTree = "<group>"; };
		9F036BA5230D308600E23442 /* ShowArchivedProjectsButton.swift */ = {isa = PBXFileReference; lastKnownFileType = sourcecode.swift; path = ShowArchivedProjectsButton.swift; sourceTree = "<group>"; };
		9F036BA6230D308600E23442 /* ShowArchivedProjectsButton.xib */ = {isa = PBXFileReference; lastKnownFileType = file.xib; path = ShowArchivedProjectsButton.xib; sourceTree = "<group>"; };
		9F036BA9230D321D00E23442 /* ArchivedStack.swift */ = {isa = PBXFileReference; lastKnownFileType = sourcecode.swift; path = ArchivedStack.swift; sourceTree = "<group>"; };
		9F036BAA230D321D00E23442 /* ArchivedStack.xib */ = {isa = PBXFileReference; lastKnownFileType = file.xib; path = ArchivedStack.xib; sourceTree = "<group>"; };
		9F036BAD230D5E2900E23442 /* deleteConfirmation.swift */ = {isa = PBXFileReference; lastKnownFileType = sourcecode.swift; path = deleteConfirmation.swift; sourceTree = "<group>"; };
		9F036BAE230D5E2900E23442 /* deleteConfirmation.xib */ = {isa = PBXFileReference; lastKnownFileType = file.xib; path = deleteConfirmation.xib; sourceTree = "<group>"; };
		9F09BC0622F025DC006D6A7F /* backgroundWall.swift */ = {isa = PBXFileReference; lastKnownFileType = sourcecode.swift; path = backgroundWall.swift; sourceTree = "<group>"; };
		9F09BC0722F025DC006D6A7F /* backgroundWall.xib */ = {isa = PBXFileReference; lastKnownFileType = file.xib; path = backgroundWall.xib; sourceTree = "<group>"; };
		9F09BC0A22F07D96006D6A7F /* customTimer.swift */ = {isa = PBXFileReference; lastKnownFileType = sourcecode.swift; path = customTimer.swift; sourceTree = "<group>"; };
		9F09BC0F22F09513006D6A7F /* BringToFront.swift */ = {isa = PBXFileReference; lastKnownFileType = sourcecode.swift; path = BringToFront.swift; sourceTree = "<group>"; };
		9F09BC1122F14834006D6A7F /* RootPage.swift */ = {isa = PBXFileReference; lastKnownFileType = sourcecode.swift; path = RootPage.swift; sourceTree = "<group>"; };
		9F09BC1222F14834006D6A7F /* RootPage.xib */ = {isa = PBXFileReference; lastKnownFileType = file.xib; path = RootPage.xib; sourceTree = "<group>"; };
		9F09BC1622F150E6006D6A7F /* projectTitle.swift */ = {isa = PBXFileReference; lastKnownFileType = sourcecode.swift; path = projectTitle.swift; sourceTree = "<group>"; };
		9F09BC1722F150E6006D6A7F /* projectTitle.xib */ = {isa = PBXFileReference; lastKnownFileType = file.xib; path = projectTitle.xib; sourceTree = "<group>"; };
		9F09BC1E22F15978006D6A7F /* VerticalStack.swift */ = {isa = PBXFileReference; lastKnownFileType = sourcecode.swift; path = VerticalStack.swift; sourceTree = "<group>"; };
		9F09BC1F22F15978006D6A7F /* VerticalStack.xib */ = {isa = PBXFileReference; lastKnownFileType = file.xib; path = VerticalStack.xib; sourceTree = "<group>"; };
		9F09BC2222F17309006D6A7F /* VerticalSplit.swift */ = {isa = PBXFileReference; lastKnownFileType = sourcecode.swift; path = VerticalSplit.swift; sourceTree = "<group>"; };
		9F09BC2322F17309006D6A7F /* VerticalSplit.xib */ = {isa = PBXFileReference; lastKnownFileType = file.xib; path = VerticalSplit.xib; sourceTree = "<group>"; };
		9F0E9AD222EDC7DE002D42A2 /* dalGlobal.swift */ = {isa = PBXFileReference; lastKnownFileType = sourcecode.swift; path = dalGlobal.swift; sourceTree = "<group>"; };
		9F0E9AD422EEB9BF002D42A2 /* AskForPayment.swift */ = {isa = PBXFileReference; lastKnownFileType = sourcecode.swift; path = AskForPayment.swift; sourceTree = "<group>"; };
		9F0E9AD522EEB9BF002D42A2 /* AskForPayment.xib */ = {isa = PBXFileReference; lastKnownFileType = file.xib; path = AskForPayment.xib; sourceTree = "<group>"; };
		9F15912D2314EC7900356732 /* trivialLine.swift */ = {isa = PBXFileReference; lastKnownFileType = sourcecode.swift; path = trivialLine.swift; sourceTree = "<group>"; };
		9F15912E2314EC7900356732 /* trivialLine.xib */ = {isa = PBXFileReference; lastKnownFileType = file.xib; path = trivialLine.xib; sourceTree = "<group>"; };
		9F1591312315130400356732 /* daySelectGlobal.swift */ = {isa = PBXFileReference; lastKnownFileType = sourcecode.swift; path = daySelectGlobal.swift; sourceTree = "<group>"; };
		9F1EF5FE23081C51007A4B46 /* facebook.png */ = {isa = PBXFileReference; lastKnownFileType = image.png; path = facebook.png; sourceTree = "<group>"; };
		9F558C3B22E73F4900CAB4CE /* Revenue.swift */ = {isa = PBXFileReference; lastKnownFileType = sourcecode.swift; path = Revenue.swift; sourceTree = "<group>"; };
		9F558C3D22E7456E00CAB4CE /* NickName.swift */ = {isa = PBXFileReference; lastKnownFileType = sourcecode.swift; path = NickName.swift; sourceTree = "<group>"; };
		9F558C3E22E7456E00CAB4CE /* NickName.xib */ = {isa = PBXFileReference; lastKnownFileType = file.xib; path = NickName.xib; sourceTree = "<group>"; };
		9F62274422F82F970041B60B /* addButton.swift */ = {isa = PBXFileReference; lastKnownFileType = sourcecode.swift; path = addButton.swift; sourceTree = "<group>"; };
		9F62274522F82F970041B60B /* addButton.xib */ = {isa = PBXFileReference; lastKnownFileType = file.xib; path = addButton.xib; sourceTree = "<group>"; };
		9F62274822F83FDD0041B60B /* projectStack.swift */ = {isa = PBXFileReference; lastKnownFileType = sourcecode.swift; path = projectStack.swift; sourceTree = "<group>"; };
		9F62274922F83FDD0041B60B /* projectStack.xib */ = {isa = PBXFileReference; lastKnownFileType = file.xib; path = projectStack.xib; sourceTree = "<group>"; };
		9F62275122F930D00041B60B /* project.swift */ = {isa = PBXFileReference; lastKnownFileType = sourcecode.swift; path = project.swift; sourceTree = "<group>"; };
		9F62275322FD55340041B60B /* DaysMaster.swift */ = {isa = PBXFileReference; lastKnownFileType = sourcecode.swift; path = DaysMaster.swift; sourceTree = "<group>"; };
		9F62275422FD55340041B60B /* DaysMaster.xib */ = {isa = PBXFileReference; lastKnownFileType = file.xib; path = DaysMaster.xib; sourceTree = "<group>"; };
		9F62275722FD6CC30041B60B /* DayTitle.swift */ = {isa = PBXFileReference; lastKnownFileType = sourcecode.swift; path = DayTitle.swift; sourceTree = "<group>"; };
		9F62275822FD6CC30041B60B /* DayTitle.xib */ = {isa = PBXFileReference; lastKnownFileType = file.xib; path = DayTitle.xib; sourceTree = "<group>"; };
		9F62276323000BB60041B60B /* DayStack.swift */ = {isa = PBXFileReference; lastKnownFileType = sourcecode.swift; path = DayStack.swift; sourceTree = "<group>"; };
		9F62276423000BB60041B60B /* DayStack.xib */ = {isa = PBXFileReference; lastKnownFileType = file.xib; path = DayStack.xib; sourceTree = "<group>"; };
		9F622767230013DC0041B60B /* day.swift */ = {isa = PBXFileReference; lastKnownFileType = sourcecode.swift; path = day.swift; sourceTree = "<group>"; };
		9F62276D23004E9B0041B60B /* dailyPlan.swift */ = {isa = PBXFileReference; lastKnownFileType = sourcecode.swift; path = dailyPlan.swift; sourceTree = "<group>"; };
		9F62276E23004E9B0041B60B /* dailyPlan.xib */ = {isa = PBXFileReference; lastKnownFileType = file.xib; path = dailyPlan.xib; sourceTree = "<group>"; };
		9F62277123004EBB0041B60B /* dailyDone.swift */ = {isa = PBXFileReference; lastKnownFileType = sourcecode.swift; path = dailyDone.swift; sourceTree = "<group>"; };
		9F62277223004EBB0041B60B /* dailyDone.xib */ = {isa = PBXFileReference; lastKnownFileType = file.xib; path = dailyDone.xib; sourceTree = "<group>"; };
		9F62277923004EFA0041B60B /* singleDone.swift */ = {isa = PBXFileReference; lastKnownFileType = sourcecode.swift; path = singleDone.swift; sourceTree = "<group>"; };
		9F62277A23004EFA0041B60B /* singleDone.xib */ = {isa = PBXFileReference; lastKnownFileType = file.xib; path = singleDone.xib; sourceTree = "<group>"; };
		9F62277D2300506D0041B60B /* DayDetail.swift */ = {isa = PBXFileReference; lastKnownFileType = sourcecode.swift; path = DayDetail.swift; sourceTree = "<group>"; };
		9F62277E2300506D0041B60B /* DayDetail.xib */ = {isa = PBXFileReference; lastKnownFileType = file.xib; path = DayDetail.xib; sourceTree = "<group>"; };
		9F622781230055340041B60B /* add.swift */ = {isa = PBXFileReference; lastKnownFileType = sourcecode.swift; path = add.swift; sourceTree = "<group>"; };
		9F622782230055340041B60B /* add.xib */ = {isa = PBXFileReference; lastKnownFileType = file.xib; path = add.xib; sourceTree = "<group>"; };
		9F622785230055540041B60B /* edit.swift */ = {isa = PBXFileReference; lastKnownFileType = sourcecode.swift; path = edit.swift; sourceTree = "<group>"; };
		9F622786230055540041B60B /* edit.xib */ = {isa = PBXFileReference; lastKnownFileType = file.xib; path = edit.xib; sourceTree = "<group>"; };
		9F6C6E1023042E3900D1D665 /* moveHelperGlobal.swift */ = {isa = PBXFileReference; lastKnownFileType = sourcecode.swift; path = moveHelperGlobal.swift; sourceTree = "<group>"; };
		9F7D3C1422E8AAB800F53A66 /* lineDrawer.swift */ = {isa = PBXFileReference; lastKnownFileType = sourcecode.swift; path = lineDrawer.swift; sourceTree = "<group>"; };
		9F819EEA22F1B61C00CC882A /* RoundedTextField.swift */ = {isa = PBXFileReference; lastKnownFileType = sourcecode.swift; path = RoundedTextField.swift; sourceTree = "<group>"; };
		9F8DB3E82305487F0097A6B4 /* SectionStack.swift */ = {isa = PBXFileReference; lastKnownFileType = sourcecode.swift; path = SectionStack.swift; sourceTree = "<group>"; };
		9F8DB3E92305487F0097A6B4 /* SectionStack.xib */ = {isa = PBXFileReference; lastKnownFileType = file.xib; path = SectionStack.xib; sourceTree = "<group>"; };
		9F8DB3EE230568640097A6B4 /* options.swift */ = {isa = PBXFileReference; lastKnownFileType = sourcecode.swift; path = options.swift; sourceTree = "<group>"; };
		9F8DB3EF230568640097A6B4 /* options.xib */ = {isa = PBXFileReference; lastKnownFileType = file.xib; path = options.xib; sourceTree = "<group>"; };
		9F8DB3F223056BA10097A6B4 /* reactivate.swift */ = {isa = PBXFileReference; lastKnownFileType = sourcecode.swift; path = reactivate.swift; sourceTree = "<group>"; };
		9F8DB3F323056BA10097A6B4 /* reactivate.xib */ = {isa = PBXFileReference; lastKnownFileType = file.xib; path = reactivate.xib; sourceTree = "<group>"; };
		9F8DB3FC230594520097A6B4 /* planForDay.swift */ = {isa = PBXFileReference; lastKnownFileType = sourcecode.swift; path = planForDay.swift; sourceTree = "<group>"; };
		9F8DB3FD230594520097A6B4 /* planForDay.xib */ = {isa = PBXFileReference; lastKnownFileType = file.xib; path = planForDay.xib; sourceTree = "<group>"; };
		9F8DB405230594FC0097A6B4 /* close.swift */ = {isa = PBXFileReference; lastKnownFileType = sourcecode.swift; path = close.swift; sourceTree = "<group>"; };
		9F8DB406230594FC0097A6B4 /* close.xib */ = {isa = PBXFileReference; lastKnownFileType = file.xib; path = close.xib; sourceTree = "<group>"; };
		9F8DB40923059C650097A6B4 /* dateUtils.swift */ = {isa = PBXFileReference; lastKnownFileType = sourcecode.swift; path = dateUtils.swift; sourceTree = "<group>"; };
		9F8DB40B2305B72A0097A6B4 /* optionWrapper.swift */ = {isa = PBXFileReference; lastKnownFileType = sourcecode.swift; path = optionWrapper.swift; sourceTree = "<group>"; };
		9F8DB40C2305B72A0097A6B4 /* optionWrapper.xib */ = {isa = PBXFileReference; lastKnownFileType = file.xib; path = optionWrapper.xib; sourceTree = "<group>"; };
		9F9F263922F440380053463B /* SectionTitle.swift */ = {isa = PBXFileReference; lastKnownFileType = sourcecode.swift; path = SectionTitle.swift; sourceTree = "<group>"; };
		9F9F263A22F440380053463B /* SectionTitle.xib */ = {isa = PBXFileReference; lastKnownFileType = file.xib; path = SectionTitle.xib; sourceTree = "<group>"; };
		9F9F263D22F4416F0053463B /* HistoryContentScroll.swift */ = {isa = PBXFileReference; lastKnownFileType = sourcecode.swift; path = HistoryContentScroll.swift; sourceTree = "<group>"; };
		9F9F263E22F4416F0053463B /* HistoryContentScroll.xib */ = {isa = PBXFileReference; lastKnownFileType = file.xib; path = HistoryContentScroll.xib; sourceTree = "<group>"; };
		9F9F264122F441810053463B /* CustomContentScroll.swift */ = {isa = PBXFileReference; lastKnownFileType = sourcecode.swift; path = CustomContentScroll.swift; sourceTree = "<group>"; };
		9F9F264222F441810053463B /* CustomContentScroll.xib */ = {isa = PBXFileReference; lastKnownFileType = file.xib; path = CustomContentScroll.xib; sourceTree = "<group>"; };
		9F9F264522F4419F0053463B /* ChallengesContentScroll.swift */ = {isa = PBXFileReference; lastKnownFileType = sourcecode.swift; path = ChallengesContentScroll.swift; sourceTree = "<group>"; };
		9F9F264622F4419F0053463B /* ChallengesContentScroll.xib */ = {isa = PBXFileReference; lastKnownFileType = file.xib; path = ChallengesContentScroll.xib; sourceTree = "<group>"; };
		9F9F264922F442FE0053463B /* Adds.swift */ = {isa = PBXFileReference; lastKnownFileType = sourcecode.swift; path = Adds.swift; sourceTree = "<group>"; };
		9F9F264A22F442FE0053463B /* Adds.xib */ = {isa = PBXFileReference; lastKnownFileType = file.xib; path = Adds.xib; sourceTree = "<group>"; };
		9F9F264D22F449900053463B /* DetailContentScroll.swift */ = {isa = PBXFileReference; lastKnownFileType = sourcecode.swift; path = DetailContentScroll.swift; sourceTree = "<group>"; };
		9F9F264E22F449900053463B /* DetailContentScroll.xib */ = {isa = PBXFileReference; lastKnownFileType = file.xib; path = DetailContentScroll.xib; sourceTree = "<group>"; };
		9F9F265522F45F720053463B /* projectDetail.swift */ = {isa = PBXFileReference; lastKnownFileType = sourcecode.swift; path = projectDetail.swift; sourceTree = "<group>"; };
		9F9F265622F45F720053463B /* projectDetail.xib */ = {isa = PBXFileReference; lastKnownFileType = file.xib; path = projectDetail.xib; sourceTree = "<group>"; };
		9FC228A722CB339400D8871D /* ProjectLife.app */ = {isa = PBXFileReference; explicitFileType = wrapper.application; includeInIndex = 0; path = ProjectLife.app; sourceTree = BUILT_PRODUCTS_DIR; };
		9FC228AA22CB339400D8871D /* AppDelegate.swift */ = {isa = PBXFileReference; lastKnownFileType = sourcecode.swift; path = AppDelegate.swift; sourceTree = "<group>"; };
		9FC228AC22CB339400D8871D /* ViewController.swift */ = {isa = PBXFileReference; lastKnownFileType = sourcecode.swift; path = ViewController.swift; sourceTree = "<group>"; };
		9FC228AF22CB339400D8871D /* ProjectLife.xcdatamodel */ = {isa = PBXFileReference; lastKnownFileType = wrapper.xcdatamodel; path = ProjectLife.xcdatamodel; sourceTree = "<group>"; };
		9FC228B122CB339500D8871D /* Assets.xcassets */ = {isa = PBXFileReference; lastKnownFileType = folder.assetcatalog; path = Assets.xcassets; sourceTree = "<group>"; };
		9FC228B422CB339500D8871D /* Base */ = {isa = PBXFileReference; lastKnownFileType = file.storyboard; name = Base; path = Base.lproj/Main.storyboard; sourceTree = "<group>"; };
		9FC228B622CB339500D8871D /* Info.plist */ = {isa = PBXFileReference; lastKnownFileType = text.plist.xml; path = Info.plist; sourceTree = "<group>"; };
		9FC228B722CB339500D8871D /* ProjectLife.entitlements */ = {isa = PBXFileReference; lastKnownFileType = text.plist.entitlements; path = ProjectLife.entitlements; sourceTree = "<group>"; };
		9FC228BC22CB339500D8871D /* ProjectLifeTests.xctest */ = {isa = PBXFileReference; explicitFileType = wrapper.cfbundle; includeInIndex = 0; path = ProjectLifeTests.xctest; sourceTree = BUILT_PRODUCTS_DIR; };
		9FC228C022CB339500D8871D /* ProjectLifeTests.swift */ = {isa = PBXFileReference; lastKnownFileType = sourcecode.swift; path = ProjectLifeTests.swift; sourceTree = "<group>"; };
		9FC228C222CB339500D8871D /* Info.plist */ = {isa = PBXFileReference; lastKnownFileType = text.plist.xml; path = Info.plist; sourceTree = "<group>"; };
		9FC228C722CB339500D8871D /* ProjectLifeUITests.xctest */ = {isa = PBXFileReference; explicitFileType = wrapper.cfbundle; includeInIndex = 0; path = ProjectLifeUITests.xctest; sourceTree = BUILT_PRODUCTS_DIR; };
		9FC228CB22CB339500D8871D /* ProjectLifeUITests.swift */ = {isa = PBXFileReference; lastKnownFileType = sourcecode.swift; path = ProjectLifeUITests.swift; sourceTree = "<group>"; };
		9FC228CD22CB339500D8871D /* Info.plist */ = {isa = PBXFileReference; lastKnownFileType = text.plist.xml; path = Info.plist; sourceTree = "<group>"; };
		9FCE8039230FD9750004A874 /* singleHistory.swift */ = {isa = PBXFileReference; lastKnownFileType = sourcecode.swift; path = singleHistory.swift; sourceTree = "<group>"; };
		9FCE803A230FD9750004A874 /* singleHistory.xib */ = {isa = PBXFileReference; lastKnownFileType = file.xib; path = singleHistory.xib; sourceTree = "<group>"; };
		9FCE803D230FD9C60004A874 /* singleDayHistory.swift */ = {isa = PBXFileReference; lastKnownFileType = sourcecode.swift; path = singleDayHistory.swift; sourceTree = "<group>"; };
		9FCE803E230FD9C60004A874 /* singleDayHistory.xib */ = {isa = PBXFileReference; lastKnownFileType = file.xib; path = singleDayHistory.xib; sourceTree = "<group>"; };
		9FD1714922D8D58500222F24 /* FrontPagePhoto.xib */ = {isa = PBXFileReference; fileEncoding = 4; lastKnownFileType = file.xib; name = FrontPagePhoto.xib; path = ProjectLife/ViewControllers/FrontPage/FrontPagePhoto.xib; sourceTree = SOURCE_ROOT; };
		9FD1714C22D8D5A000222F24 /* UI.swift */ = {isa = PBXFileReference; fileEncoding = 4; lastKnownFileType = sourcecode.swift; path = UI.swift; sourceTree = "<group>"; };
		9FD1715122D8D5C200222F24 /* MasterWindow.swift */ = {isa = PBXFileReference; fileEncoding = 4; lastKnownFileType = sourcecode.swift; path = MasterWindow.swift; sourceTree = "<group>"; };
		9FD1715322D8D5CE00222F24 /* MasterWindow.xib */ = {isa = PBXFileReference; fileEncoding = 4; lastKnownFileType = file.xib; name = MasterWindow.xib; path = ProjectLife/WindowControllers/MasterWindow.xib; sourceTree = SOURCE_ROOT; };
		9FD1717322DD9E8500222F24 /* API.swift */ = {isa = PBXFileReference; fileEncoding = 4; lastKnownFileType = sourcecode.swift; path = API.swift; sourceTree = "<group>"; };
		9FD1717622DD9EC900222F24 /* SignInHandler.swift */ = {isa = PBXFileReference; fileEncoding = 4; lastKnownFileType = sourcecode.swift; path = SignInHandler.swift; sourceTree = "<group>"; };
		9FD1717722DD9EC900222F24 /* UnlockHandler.swift */ = {isa = PBXFileReference; fileEncoding = 4; lastKnownFileType = sourcecode.swift; path = UnlockHandler.swift; sourceTree = "<group>"; };
		9FD3171C22DEE293002C3908 /* google.png */ = {isa = PBXFileReference; lastKnownFileType = image.png; path = google.png; sourceTree = "<group>"; };
		9FD56F1F22E6CE4D00D6D819 /* ColorGetter.swift */ = {isa = PBXFileReference; lastKnownFileType = sourcecode.swift; path = ColorGetter.swift; sourceTree = "<group>"; };
		9FD56F2122E7063700D6D819 /* userInfo.swift */ = {isa = PBXFileReference; lastKnownFileType = sourcecode.swift; path = userInfo.swift; sourceTree = "<group>"; };
		9FE138F322DF4057006C4BE5 /* signInWeb.swift */ = {isa = PBXFileReference; lastKnownFileType = sourcecode.swift; path = signInWeb.swift; sourceTree = "<group>"; };
		9FE138F422DF4057006C4BE5 /* signInWeb.xib */ = {isa = PBXFileReference; lastKnownFileType = file.xib; path = signInWeb.xib; sourceTree = "<group>"; };
		9FF85D6C22DDAD6700FB7494 /* SignIn.swift */ = {isa = PBXFileReference; lastKnownFileType = sourcecode.swift; path = SignIn.swift; sourceTree = "<group>"; };
		9FF85D6D22DDAD6700FB7494 /* SignIn.xib */ = {isa = PBXFileReference; lastKnownFileType = file.xib; path = SignIn.xib; sourceTree = "<group>"; };
		9FF85D7022DDB8B200FB7494 /* Enter.swift */ = {isa = PBXFileReference; lastKnownFileType = sourcecode.swift; path = Enter.swift; sourceTree = "<group>"; };
		9FF85D7122DDB8B200FB7494 /* Enter.xib */ = {isa = PBXFileReference; lastKnownFileType = file.xib; path = Enter.xib; sourceTree = "<group>"; };
		9FF85D7522DDD7F300FB7494 /* UserDefaultsChange.swift */ = {isa = PBXFileReference; lastKnownFileType = sourcecode.swift; path = UserDefaultsChange.swift; sourceTree = "<group>"; };
		9FF85D7A22DDE2CD00FB7494 /* FrontPagePhoto.swift */ = {isa = PBXFileReference; fileEncoding = 4; lastKnownFileType = sourcecode.swift; path = FrontPagePhoto.swift; sourceTree = "<group>"; };
		9FF85D7E22DDE34D00FB7494 /* HoverButton.swift */ = {isa = PBXFileReference; lastKnownFileType = sourcecode.swift; name = HoverButton.swift; path = ProjectLife/Middleware/HoverButton.swift; sourceTree = SOURCE_ROOT; };
/* End PBXFileReference section */

/* Begin PBXFrameworksBuildPhase section */
		9FC228A422CB339400D8871D /* Frameworks */ = {
			isa = PBXFrameworksBuildPhase;
			buildActionMask = 2147483647;
			files = (
			);
			runOnlyForDeploymentPostprocessing = 0;
		};
		9FC228B922CB339500D8871D /* Frameworks */ = {
			isa = PBXFrameworksBuildPhase;
			buildActionMask = 2147483647;
			files = (
			);
			runOnlyForDeploymentPostprocessing = 0;
		};
		9FC228C422CB339500D8871D /* Frameworks */ = {
			isa = PBXFrameworksBuildPhase;
			buildActionMask = 2147483647;
			files = (
			);
			runOnlyForDeploymentPostprocessing = 0;
		};
/* End PBXFrameworksBuildPhase section */

/* Begin PBXGroup section */
		9F09BC0522F024DA006D6A7F /* ProjectPage */ = {
			isa = PBXGroup;
			children = (
				9F09BC1522F1505C006D6A7F /* Sub */,
				9F09BC1122F14834006D6A7F /* RootPage.swift */,
				9F09BC1222F14834006D6A7F /* RootPage.xib */,
				9F09BC1E22F15978006D6A7F /* VerticalStack.swift */,
				9F09BC1F22F15978006D6A7F /* VerticalStack.xib */,
				9F09BC2222F17309006D6A7F /* VerticalSplit.swift */,
				9F09BC2322F17309006D6A7F /* VerticalSplit.xib */,
			);
			path = ProjectPage;
			sourceTree = "<group>";
		};
		9F09BC0E22F094F3006D6A7F /* Extensions */ = {
			isa = PBXGroup;
			children = (
				9F09BC0F22F09513006D6A7F /* BringToFront.swift */,
			);
			path = Extensions;
			sourceTree = "<group>";
		};
		9F09BC1522F1505C006D6A7F /* Sub */ = {
			isa = PBXGroup;
			children = (
				9F6C6E1023042E3900D1D665 /* moveHelperGlobal.swift */,
				9F62274822F83FDD0041B60B /* projectStack.swift */,
				9F62274922F83FDD0041B60B /* projectStack.xib */,
				9F09BC1622F150E6006D6A7F /* projectTitle.swift */,
				9F09BC1722F150E6006D6A7F /* projectTitle.xib */,
				9F9F265522F45F720053463B /* projectDetail.swift */,
				9F9F265622F45F720053463B /* projectDetail.xib */,
				9F62274422F82F970041B60B /* addButton.swift */,
				9F62274522F82F970041B60B /* addButton.xib */,
				9F8DB40B2305B72A0097A6B4 /* optionWrapper.swift */,
				9F8DB40C2305B72A0097A6B4 /* optionWrapper.xib */,
				9F8DB3EE230568640097A6B4 /* options.swift */,
				9F8DB3EF230568640097A6B4 /* options.xib */,
				9F8DB3F223056BA10097A6B4 /* reactivate.swift */,
				9F8DB3F323056BA10097A6B4 /* reactivate.xib */,
				9F036BA5230D308600E23442 /* ShowArchivedProjectsButton.swift */,
				9F036BA6230D308600E23442 /* ShowArchivedProjectsButton.xib */,
				9F036BA9230D321D00E23442 /* ArchivedStack.swift */,
				9F036BAA230D321D00E23442 /* ArchivedStack.xib */,
				9F8DB400230594880097A6B4 /* optionSub */,
				9F9F263822F43FE80053463B /* DetailSub */,
			);
			path = Sub;
			sourceTree = "<group>";
		};
		9F09BC2822F18224006D6A7F /* Core */ = {
			isa = PBXGroup;
			children = (
				9F09BC0622F025DC006D6A7F /* backgroundWall.swift */,
				9F09BC0722F025DC006D6A7F /* backgroundWall.xib */,
			);
			path = Core;
			sourceTree = "<group>";
		};
		9F62274C22F855F40041B60B /* DaysPage */ = {
			isa = PBXGroup;
			children = (
				9F62276A23004DA20041B60B /* Sub */,
				9F62275322FD55340041B60B /* DaysMaster.swift */,
				9F62275422FD55340041B60B /* DaysMaster.xib */,
				9F62276323000BB60041B60B /* DayStack.swift */,
				9F62276423000BB60041B60B /* DayStack.xib */,
				9F62275722FD6CC30041B60B /* DayTitle.swift */,
				9F62275822FD6CC30041B60B /* DayTitle.xib */,
				9F62277D2300506D0041B60B /* DayDetail.swift */,
				9F62277E2300506D0041B60B /* DayDetail.xib */,
			);
			path = DaysPage;
			sourceTree = "<group>";
		};
		9F62276A23004DA20041B60B /* Sub */ = {
			isa = PBXGroup;
			children = (
				9F62276D23004E9B0041B60B /* dailyPlan.swift */,
				9F62276E23004E9B0041B60B /* dailyPlan.xib */,
				9F62277123004EBB0041B60B /* dailyDone.swift */,
				9F62277223004EBB0041B60B /* dailyDone.xib */,
				9F62277923004EFA0041B60B /* singleDone.swift */,
				9F62277A23004EFA0041B60B /* singleDone.xib */,
				9F036BA1230958B600E23442 /* singlePlan.swift */,
				9F036BA2230958B600E23442 /* singlePlan.xib */,
				9F622781230055340041B60B /* add.swift */,
				9F622782230055340041B60B /* add.xib */,
				9F622785230055540041B60B /* edit.swift */,
				9F622786230055540041B60B /* edit.xib */,
				9F1591312315130400356732 /* daySelectGlobal.swift */,
			);
			path = Sub;
			sourceTree = "<group>";
		};
		9F7D3C1322E8AA9B00F53A66 /* Views */ = {
			isa = PBXGroup;
			children = (
				9F7D3C1422E8AAB800F53A66 /* lineDrawer.swift */,
			);
			path = Views;
			sourceTree = "<group>";
		};
		9F8DB400230594880097A6B4 /* optionSub */ = {
			isa = PBXGroup;
			children = (
				9F8DB3FD230594520097A6B4 /* planForDay.xib */,
				9F8DB3FC230594520097A6B4 /* planForDay.swift */,
				9F8DB405230594FC0097A6B4 /* close.swift */,
				9F8DB406230594FC0097A6B4 /* close.xib */,
				9F036B9D2308690D00E23442 /* percentageAssertion.swift */,
				9F036B9E2308690D00E23442 /* percentageAssertion.xib */,
				9F036BAD230D5E2900E23442 /* deleteConfirmation.swift */,
				9F036BAE230D5E2900E23442 /* deleteConfirmation.xib */,
			);
			path = optionSub;
			sourceTree = "<group>";
		};
		9F9F263822F43FE80053463B /* DetailSub */ = {
			isa = PBXGroup;
			children = (
				9F8DB3E82305487F0097A6B4 /* SectionStack.swift */,
				9F8DB3E92305487F0097A6B4 /* SectionStack.xib */,
				9F9F263922F440380053463B /* SectionTitle.swift */,
				9F9F263A22F440380053463B /* SectionTitle.xib */,
				9F9F264D22F449900053463B /* DetailContentScroll.swift */,
				9F9F264E22F449900053463B /* DetailContentScroll.xib */,
				9F9F263D22F4416F0053463B /* HistoryContentScroll.swift */,
				9F9F263E22F4416F0053463B /* HistoryContentScroll.xib */,
				9FCE803D230FD9C60004A874 /* singleDayHistory.swift */,
				9FCE803E230FD9C60004A874 /* singleDayHistory.xib */,
				9FCE8039230FD9750004A874 /* singleHistory.swift */,
				9FCE803A230FD9750004A874 /* singleHistory.xib */,
				9F15912D2314EC7900356732 /* trivialLine.swift */,
				9F15912E2314EC7900356732 /* trivialLine.xib */,
				9F9F264122F441810053463B /* CustomContentScroll.swift */,
				9F9F264222F441810053463B /* CustomContentScroll.xib */,
				9F9F264522F4419F0053463B /* ChallengesContentScroll.swift */,
				9F9F264622F4419F0053463B /* ChallengesContentScroll.xib */,
				9F9F264922F442FE0053463B /* Adds.swift */,
				9F9F264A22F442FE0053463B /* Adds.xib */,
			);
			path = DetailSub;
			sourceTree = "<group>";
		};
		9FC2289E22CB339400D8871D = {
			isa = PBXGroup;
			children = (
				9FC228A922CB339400D8871D /* ProjectLife */,
				9FC228BF22CB339500D8871D /* ProjectLifeTests */,
				9FC228CA22CB339500D8871D /* ProjectLifeUITests */,
				9FC228A822CB339400D8871D /* Products */,
			);
			sourceTree = "<group>";
		};
		9FC228A822CB339400D8871D /* Products */ = {
			isa = PBXGroup;
			children = (
				9FC228A722CB339400D8871D /* ProjectLife.app */,
				9FC228BC22CB339500D8871D /* ProjectLifeTests.xctest */,
				9FC228C722CB339500D8871D /* ProjectLifeUITests.xctest */,
			);
			name = Products;
			sourceTree = "<group>";
		};
		9FC228A922CB339400D8871D /* ProjectLife */ = {
			isa = PBXGroup;
			children = (
				9FF85D8222DE189C00FB7494 /* Pictures */,
				9FF85D7422DDD7D300FB7494 /* Middleware */,
				9FD1717A22DD9EDF00222F24 /* Dal */,
				9FD1717522DD9EC900222F24 /* Handlers */,
				9FD1714B22D8D5A000222F24 /* Config */,
				9FC2291A22CB5B2800D8871D /* ViewControllers */,
				9FC2291422CB437C00D8871D /* WindowControllers */,
				9FC228AA22CB339400D8871D /* AppDelegate.swift */,
				9FC228AC22CB339400D8871D /* ViewController.swift */,
				9FC228B122CB339500D8871D /* Assets.xcassets */,
				9FC228B322CB339500D8871D /* Main.storyboard */,
				9FC228B622CB339500D8871D /* Info.plist */,
				9FC228B722CB339500D8871D /* ProjectLife.entitlements */,
				9FC228AE22CB339400D8871D /* ProjectLife.xcdatamodeld */,
			);
			path = ProjectLife;
			sourceTree = "<group>";
		};
		9FC228BF22CB339500D8871D /* ProjectLifeTests */ = {
			isa = PBXGroup;
			children = (
				9FC228C022CB339500D8871D /* ProjectLifeTests.swift */,
				9FC228C222CB339500D8871D /* Info.plist */,
			);
			path = ProjectLifeTests;
			sourceTree = "<group>";
		};
		9FC228CA22CB339500D8871D /* ProjectLifeUITests */ = {
			isa = PBXGroup;
			children = (
				9FC228CB22CB339500D8871D /* ProjectLifeUITests.swift */,
				9FC228CD22CB339500D8871D /* Info.plist */,
			);
			path = ProjectLifeUITests;
			sourceTree = "<group>";
		};
		9FC2291422CB437C00D8871D /* WindowControllers */ = {
			isa = PBXGroup;
			children = (
				9FD1715122D8D5C200222F24 /* MasterWindow.swift */,
				9FD1715322D8D5CE00222F24 /* MasterWindow.xib */,
			);
			path = WindowControllers;
			sourceTree = "<group>";
		};
		9FC2291A22CB5B2800D8871D /* ViewControllers */ = {
			isa = PBXGroup;
			children = (
				9F62274C22F855F40041B60B /* DaysPage */,
				9F09BC2822F18224006D6A7F /* Core */,
				9F09BC0E22F094F3006D6A7F /* Extensions */,
				9F09BC0522F024DA006D6A7F /* ProjectPage */,
				9F7D3C1322E8AA9B00F53A66 /* Views */,
				9FD56F1D22E6B4C300D6D819 /* FrontPage */,
				9FF85D7922DDE28500FB7494 /* ViewObjects */,
			);
			path = ViewControllers;
			sourceTree = "<group>";
		};
		9FD1714B22D8D5A000222F24 /* Config */ = {
			isa = PBXGroup;
			children = (
				9FD1717322DD9E8500222F24 /* API.swift */,
				9FD1714C22D8D5A000222F24 /* UI.swift */,
				9F558C3B22E73F4900CAB4CE /* Revenue.swift */,
			);
			path = Config;
			sourceTree = "<group>";
		};
		9FD1717522DD9EC900222F24 /* Handlers */ = {
			isa = PBXGroup;
			children = (
				9FD56F1E22E6CE2D00D6D819 /* Utils */,
				9FD1717622DD9EC900222F24 /* SignInHandler.swift */,
				9FD1717722DD9EC900222F24 /* UnlockHandler.swift */,
			);
			path = Handlers;
			sourceTree = "<group>";
		};
		9FD1717A22DD9EDF00222F24 /* Dal */ = {
			isa = PBXGroup;
			children = (
				9FD1717B22DD9EDF00222F24 /* Local Data */,
				9FD1717C22DD9EDF00222F24 /* Cloud Sync */,
			);
			path = Dal;
			sourceTree = "<group>";
		};
		9FD1717B22DD9EDF00222F24 /* Local Data */ = {
			isa = PBXGroup;
			children = (
				9FD56F2122E7063700D6D819 /* userInfo.swift */,
				9F0E9AD222EDC7DE002D42A2 /* dalGlobal.swift */,
				9F62275122F930D00041B60B /* project.swift */,
				9F622767230013DC0041B60B /* day.swift */,
			);
			path = "Local Data";
			sourceTree = "<group>";
		};
		9FD1717C22DD9EDF00222F24 /* Cloud Sync */ = {
			isa = PBXGroup;
			children = (
			);
			path = "Cloud Sync";
			sourceTree = "<group>";
		};
		9FD56F1D22E6B4C300D6D819 /* FrontPage */ = {
			isa = PBXGroup;
			children = (
				9FF85D7A22DDE2CD00FB7494 /* FrontPagePhoto.swift */,
				9FD1714922D8D58500222F24 /* FrontPagePhoto.xib */,
				9FF85D6C22DDAD6700FB7494 /* SignIn.swift */,
				9FF85D6D22DDAD6700FB7494 /* SignIn.xib */,
				9FE138F322DF4057006C4BE5 /* signInWeb.swift */,
				9FE138F422DF4057006C4BE5 /* signInWeb.xib */,
				9F558C3D22E7456E00CAB4CE /* NickName.swift */,
				9F558C3E22E7456E00CAB4CE /* NickName.xib */,
				9FF85D7022DDB8B200FB7494 /* Enter.swift */,
				9FF85D7122DDB8B200FB7494 /* Enter.xib */,
				9F0E9AD422EEB9BF002D42A2 /* AskForPayment.swift */,
				9F0E9AD522EEB9BF002D42A2 /* AskForPayment.xib */,
			);
			path = FrontPage;
			sourceTree = "<group>";
		};
		9FD56F1E22E6CE2D00D6D819 /* Utils */ = {
			isa = PBXGroup;
			children = (
				9FD56F1F22E6CE4D00D6D819 /* ColorGetter.swift */,
				9F09BC0A22F07D96006D6A7F /* customTimer.swift */,
				9F8DB40923059C650097A6B4 /* dateUtils.swift */,
			);
			path = Utils;
			sourceTree = "<group>";
		};
		9FF85D7422DDD7D300FB7494 /* Middleware */ = {
			isa = PBXGroup;
			children = (
				9FF85D7522DDD7F300FB7494 /* UserDefaultsChange.swift */,
			);
			path = Middleware;
			sourceTree = "<group>";
		};
		9FF85D7922DDE28500FB7494 /* ViewObjects */ = {
			isa = PBXGroup;
			children = (
				9FF85D7E22DDE34D00FB7494 /* HoverButton.swift */,
				9F819EEA22F1B61C00CC882A /* RoundedTextField.swift */,
			);
			path = ViewObjects;
			sourceTree = "<group>";
		};
		9FF85D8222DE189C00FB7494 /* Pictures */ = {
			isa = PBXGroup;
			children = (
				9F1EF5FE23081C51007A4B46 /* facebook.png */,
				9FD3171C22DEE293002C3908 /* google.png */,
			);
			path = Pictures;
			sourceTree = "<group>";
		};
/* End PBXGroup section */

/* Begin PBXNativeTarget section */
		9FC228A622CB339400D8871D /* ProjectLife */ = {
			isa = PBXNativeTarget;
			buildConfigurationList = 9FC228D022CB339500D8871D /* Build configuration list for PBXNativeTarget "ProjectLife" */;
			buildPhases = (
				9FC228A322CB339400D8871D /* Sources */,
				9FC228A422CB339400D8871D /* Frameworks */,
				9FC228A522CB339400D8871D /* Resources */,
			);
			buildRules = (
			);
			dependencies = (
			);
			name = ProjectLife;
			productName = ProjectLife;
			productReference = 9FC228A722CB339400D8871D /* ProjectLife.app */;
			productType = "com.apple.product-type.application";
		};
		9FC228BB22CB339500D8871D /* ProjectLifeTests */ = {
			isa = PBXNativeTarget;
			buildConfigurationList = 9FC228D322CB339500D8871D /* Build configuration list for PBXNativeTarget "ProjectLifeTests" */;
			buildPhases = (
				9FC228B822CB339500D8871D /* Sources */,
				9FC228B922CB339500D8871D /* Frameworks */,
				9FC228BA22CB339500D8871D /* Resources */,
			);
			buildRules = (
			);
			dependencies = (
				9FC228BE22CB339500D8871D /* PBXTargetDependency */,
			);
			name = ProjectLifeTests;
			productName = ProjectLifeTests;
			productReference = 9FC228BC22CB339500D8871D /* ProjectLifeTests.xctest */;
			productType = "com.apple.product-type.bundle.unit-test";
		};
		9FC228C622CB339500D8871D /* ProjectLifeUITests */ = {
			isa = PBXNativeTarget;
			buildConfigurationList = 9FC228D622CB339500D8871D /* Build configuration list for PBXNativeTarget "ProjectLifeUITests" */;
			buildPhases = (
				9FC228C322CB339500D8871D /* Sources */,
				9FC228C422CB339500D8871D /* Frameworks */,
				9FC228C522CB339500D8871D /* Resources */,
			);
			buildRules = (
			);
			dependencies = (
				9FC228C922CB339500D8871D /* PBXTargetDependency */,
			);
			name = ProjectLifeUITests;
			productName = ProjectLifeUITests;
			productReference = 9FC228C722CB339500D8871D /* ProjectLifeUITests.xctest */;
			productType = "com.apple.product-type.bundle.ui-testing";
		};
/* End PBXNativeTarget section */

/* Begin PBXProject section */
		9FC2289F22CB339400D8871D /* Project object */ = {
			isa = PBXProject;
			attributes = {
				LastSwiftUpdateCheck = 1020;
				LastUpgradeCheck = 1020;
				ORGANIZATIONNAME = Unprecedented;
				TargetAttributes = {
					9FC228A622CB339400D8871D = {
						CreatedOnToolsVersion = 10.2.1;
					};
					9FC228BB22CB339500D8871D = {
						CreatedOnToolsVersion = 10.2.1;
						TestTargetID = 9FC228A622CB339400D8871D;
					};
					9FC228C622CB339500D8871D = {
						CreatedOnToolsVersion = 10.2.1;
						TestTargetID = 9FC228A622CB339400D8871D;
					};
				};
			};
			buildConfigurationList = 9FC228A222CB339400D8871D /* Build configuration list for PBXProject "ProjectLife" */;
			compatibilityVersion = "Xcode 9.3";
			developmentRegion = en;
			hasScannedForEncodings = 0;
			knownRegions = (
				en,
				Base,
			);
			mainGroup = 9FC2289E22CB339400D8871D;
			productRefGroup = 9FC228A822CB339400D8871D /* Products */;
			projectDirPath = "";
			projectRoot = "";
			targets = (
				9FC228A622CB339400D8871D /* ProjectLife */,
				9FC228BB22CB339500D8871D /* ProjectLifeTests */,
				9FC228C622CB339500D8871D /* ProjectLifeUITests */,
			);
		};
/* End PBXProject section */

/* Begin PBXResourcesBuildPhase section */
		9FC228A522CB339400D8871D /* Resources */ = {
			isa = PBXResourcesBuildPhase;
			buildActionMask = 2147483647;
			files = (
				9FF85D7322DDB8B200FB7494 /* Enter.xib in Resources */,
				9F09BC2122F15978006D6A7F /* VerticalStack.xib in Resources */,
				9F62277423004EBB0041B60B /* dailyDone.xib in Resources */,
				9F9F263C22F440380053463B /* SectionTitle.xib in Resources */,
				9FCE803C230FD9750004A874 /* singleHistory.xib in Resources */,
				9F9F265822F45F720053463B /* projectDetail.xib in Resources */,
				9F036BB0230D5E2900E23442 /* deleteConfirmation.xib in Resources */,
				9F62276623000BB60041B60B /* DayStack.xib in Resources */,
				9F622784230055340041B60B /* add.xib in Resources */,
				9F62277C23004EFA0041B60B /* singleDone.xib in Resources */,
				9F6227802300506D0041B60B /* DayDetail.xib in Resources */,
				9F622788230055540041B60B /* edit.xib in Resources */,
				9FD3171D22DEE293002C3908 /* google.png in Resources */,
				9F1EF5FF23081C51007A4B46 /* facebook.png in Resources */,
				9F036BA4230958B600E23442 /* singlePlan.xib in Resources */,
				9FC228B222CB339500D8871D /* Assets.xcassets in Resources */,
				9F036BAC230D321D00E23442 /* ArchivedStack.xib in Resources */,
				9F62274B22F83FDD0041B60B /* projectStack.xib in Resources */,
				9F62275A22FD6CC30041B60B /* DayTitle.xib in Resources */,
				9FC228B522CB339500D8871D /* Main.storyboard in Resources */,
				9FD1714A22D8D58500222F24 /* FrontPagePhoto.xib in Resources */,
				9F09BC1422F14834006D6A7F /* RootPage.xib in Resources */,
				9F62277023004E9B0041B60B /* dailyPlan.xib in Resources */,
				9F9F264022F4416F0053463B /* HistoryContentScroll.xib in Resources */,
				9F62274722F82F970041B60B /* addButton.xib in Resources */,
				9FD1715422D8D5CE00222F24 /* MasterWindow.xib in Resources */,
				9F62275622FD55350041B60B /* DaysMaster.xib in Resources */,
				9F09BC2522F17309006D6A7F /* VerticalSplit.xib in Resources */,
				9FE138F622DF4057006C4BE5 /* signInWeb.xib in Resources */,
				9F036BA02308690D00E23442 /* percentageAssertion.xib in Resources */,
				9F8DB40E2305B72A0097A6B4 /* optionWrapper.xib in Resources */,
				9F0E9AD722EEB9BF002D42A2 /* AskForPayment.xib in Resources */,
				9F9F264822F4419F0053463B /* ChallengesContentScroll.xib in Resources */,
				9FF85D6F22DDAD6700FB7494 /* SignIn.xib in Resources */,
				9F558C4022E7456E00CAB4CE /* NickName.xib in Resources */,
				9F09BC1922F150E6006D6A7F /* projectTitle.xib in Resources */,
				9F9F264C22F442FE0053463B /* Adds.xib in Resources */,
				9F8DB3FF230594520097A6B4 /* planForDay.xib in Resources */,
				9F8DB3EB2305487F0097A6B4 /* SectionStack.xib in Resources */,
				9F8DB3F523056BA10097A6B4 /* reactivate.xib in Resources */,
				9F9F264422F441810053463B /* CustomContentScroll.xib in Resources */,
				9F8DB408230594FC0097A6B4 /* close.xib in Resources */,
				9F036BA8230D308600E23442 /* ShowArchivedProjectsButton.xib in Resources */,
				9F09BC0922F025DC006D6A7F /* backgroundWall.xib in Resources */,
				9F1591302314EC7900356732 /* trivialLine.xib in Resources */,
				9F9F265022F449900053463B /* DetailContentScroll.xib in Resources */,
				9F8DB3F1230568640097A6B4 /* options.xib in Resources */,
				9FCE8040230FD9C60004A874 /* singleDayHistory.xib in Resources */,
			);
			runOnlyForDeploymentPostprocessing = 0;
		};
		9FC228BA22CB339500D8871D /* Resources */ = {
			isa = PBXResourcesBuildPhase;
			buildActionMask = 2147483647;
			files = (
			);
			runOnlyForDeploymentPostprocessing = 0;
		};
		9FC228C522CB339500D8871D /* Resources */ = {
			isa = PBXResourcesBuildPhase;
			buildActionMask = 2147483647;
			files = (
			);
			runOnlyForDeploymentPostprocessing = 0;
		};
/* End PBXResourcesBuildPhase section */

/* Begin PBXSourcesBuildPhase section */
		9FC228A322CB339400D8871D /* Sources */ = {
			isa = PBXSourcesBuildPhase;
			buildActionMask = 2147483647;
			files = (
				9F9F263F22F4416F0053463B /* HistoryContentScroll.swift in Sources */,
				9FE138F522DF4057006C4BE5 /* signInWeb.swift in Sources */,
				9F622768230013DC0041B60B /* day.swift in Sources */,
				9FD1715222D8D5C200222F24 /* MasterWindow.swift in Sources */,
				9F8DB407230594FC0097A6B4 /* close.swift in Sources */,
				9F62276F23004E9B0041B60B /* dailyPlan.swift in Sources */,
				9FF85D7222DDB8B200FB7494 /* Enter.swift in Sources */,
				9F0E9AD622EEB9BF002D42A2 /* AskForPayment.swift in Sources */,
				9F9F264322F441810053463B /* CustomContentScroll.swift in Sources */,
				9F036BAB230D321D00E23442 /* ArchivedStack.swift in Sources */,
				9FD1717922DD9EC900222F24 /* UnlockHandler.swift in Sources */,
				9FF85D7F22DDE34D00FB7494 /* HoverButton.swift in Sources */,
				9F9F263B22F440380053463B /* SectionTitle.swift in Sources */,
				9F15912F2314EC7900356732 /* trivialLine.swift in Sources */,
				9F9F264722F4419F0053463B /* ChallengesContentScroll.swift in Sources */,
				9F0E9AD322EDC7DE002D42A2 /* dalGlobal.swift in Sources */,
				9F036BA7230D308600E23442 /* ShowArchivedProjectsButton.swift in Sources */,
				9FC228AD22CB339400D8871D /* ViewController.swift in Sources */,
				9F9F264B22F442FE0053463B /* Adds.swift in Sources */,
				9F62275922FD6CC30041B60B /* DayTitle.swift in Sources */,
				9FC228B022CB339400D8871D /* ProjectLife.xcdatamodeld in Sources */,
				9FC228AB22CB339400D8871D /* AppDelegate.swift in Sources */,
				9F62275222F930D00041B60B /* project.swift in Sources */,
				9F6C6E1123042E3900D1D665 /* moveHelperGlobal.swift in Sources */,
				9F09BC1322F14834006D6A7F /* RootPage.swift in Sources */,
				9F622783230055340041B60B /* add.swift in Sources */,
				9F8DB3F0230568640097A6B4 /* options.swift in Sources */,
				9F819EEB22F1B61C00CC882A /* RoundedTextField.swift in Sources */,
				9F62274A22F83FDD0041B60B /* projectStack.swift in Sources */,
				9FD1717822DD9EC900222F24 /* SignInHandler.swift in Sources */,
				9F62276523000BB60041B60B /* DayStack.swift in Sources */,
				9F09BC2022F15978006D6A7F /* VerticalStack.swift in Sources */,
				9F09BC1022F09513006D6A7F /* BringToFront.swift in Sources */,
				9FD56F2022E6CE4D00D6D819 /* ColorGetter.swift in Sources */,
				9FCE803B230FD9750004A874 /* singleHistory.swift in Sources */,
				9F622787230055540041B60B /* edit.swift in Sources */,
				9FF85D7622DDD7F300FB7494 /* UserDefaultsChange.swift in Sources */,
				9F09BC0822F025DC006D6A7F /* backgroundWall.swift in Sources */,
				9F7D3C1522E8AAB800F53A66 /* lineDrawer.swift in Sources */,
				9F62277323004EBB0041B60B /* dailyDone.swift in Sources */,
				9FCE803F230FD9C60004A874 /* singleDayHistory.swift in Sources */,
				9F9F265722F45F720053463B /* projectDetail.swift in Sources */,
				9F09BC1822F150E6006D6A7F /* projectTitle.swift in Sources */,
				9FF85D6E22DDAD6700FB7494 /* SignIn.swift in Sources */,
				9FD1717422DD9E8500222F24 /* API.swift in Sources */,
				9F8DB3FE230594520097A6B4 /* planForDay.swift in Sources */,
				9F8DB40D2305B72A0097A6B4 /* optionWrapper.swift in Sources */,
				9F8DB40A23059C650097A6B4 /* dateUtils.swift in Sources */,
				9FF85D7B22DDE2CD00FB7494 /* FrontPagePhoto.swift in Sources */,
				9F036B9F2308690D00E23442 /* percentageAssertion.swift in Sources */,
				9F9F264F22F449900053463B /* DetailContentScroll.swift in Sources */,
				9F558C3C22E73F4900CAB4CE /* Revenue.swift in Sources */,
				9F8DB3F423056BA10097A6B4 /* reactivate.swift in Sources */,
				9F8DB3EA2305487F0097A6B4 /* SectionStack.swift in Sources */,
				9F62275522FD55350041B60B /* DaysMaster.swift in Sources */,
				9F62277B23004EFA0041B60B /* singleDone.swift in Sources */,
				9F1591332315130400356732 /* daySelectGlobal.swift in Sources */,
				9F09BC2422F17309006D6A7F /* VerticalSplit.swift in Sources */,
				9FD56F2222E7063700D6D819 /* userInfo.swift in Sources */,
				9F62277F2300506D0041B60B /* DayDetail.swift in Sources */,
				9FD1714E22D8D5A000222F24 /* UI.swift in Sources */,
				9F036BA3230958B600E23442 /* singlePlan.swift in Sources */,
				9F036BAF230D5E2900E23442 /* deleteConfirmation.swift in Sources */,
				9F62274622F82F970041B60B /* addButton.swift in Sources */,
				9F558C3F22E7456E00CAB4CE /* NickName.swift in Sources */,
				9F09BC0B22F07D96006D6A7F /* customTimer.swift in Sources */,
			);
			runOnlyForDeploymentPostprocessing = 0;
		};
		9FC228B822CB339500D8871D /* Sources */ = {
			isa = PBXSourcesBuildPhase;
			buildActionMask = 2147483647;
			files = (
				9FC228C122CB339500D8871D /* ProjectLifeTests.swift in Sources */,
			);
			runOnlyForDeploymentPostprocessing = 0;
		};
		9FC228C322CB339500D8871D /* Sources */ = {
			isa = PBXSourcesBuildPhase;
			buildActionMask = 2147483647;
			files = (
				9FC228CC22CB339500D8871D /* ProjectLifeUITests.swift in Sources */,
			);
			runOnlyForDeploymentPostprocessing = 0;
		};
/* End PBXSourcesBuildPhase section */

/* Begin PBXTargetDependency section */
		9FC228BE22CB339500D8871D /* PBXTargetDependency */ = {
			isa = PBXTargetDependency;
			target = 9FC228A622CB339400D8871D /* ProjectLife */;
			targetProxy = 9FC228BD22CB339500D8871D /* PBXContainerItemProxy */;
		};
		9FC228C922CB339500D8871D /* PBXTargetDependency */ = {
			isa = PBXTargetDependency;
			target = 9FC228A622CB339400D8871D /* ProjectLife */;
			targetProxy = 9FC228C822CB339500D8871D /* PBXContainerItemProxy */;
		};
/* End PBXTargetDependency section */

/* Begin PBXVariantGroup section */
		9FC228B322CB339500D8871D /* Main.storyboard */ = {
			isa = PBXVariantGroup;
			children = (
				9FC228B422CB339500D8871D /* Base */,
			);
			name = Main.storyboard;
			sourceTree = "<group>";
		};
/* End PBXVariantGroup section */

/* Begin XCBuildConfiguration section */
		9FC228CE22CB339500D8871D /* Debug */ = {
			isa = XCBuildConfiguration;
			buildSettings = {
				ALWAYS_SEARCH_USER_PATHS = NO;
				CLANG_ANALYZER_NONNULL = YES;
				CLANG_ANALYZER_NUMBER_OBJECT_CONVERSION = YES_AGGRESSIVE;
				CLANG_CXX_LANGUAGE_STANDARD = "gnu++14";
				CLANG_CXX_LIBRARY = "libc++";
				CLANG_ENABLE_MODULES = YES;
				CLANG_ENABLE_OBJC_ARC = YES;
				CLANG_ENABLE_OBJC_WEAK = YES;
				CLANG_WARN_BLOCK_CAPTURE_AUTORELEASING = YES;
				CLANG_WARN_BOOL_CONVERSION = YES;
				CLANG_WARN_COMMA = YES;
				CLANG_WARN_CONSTANT_CONVERSION = YES;
				CLANG_WARN_DEPRECATED_OBJC_IMPLEMENTATIONS = YES;
				CLANG_WARN_DIRECT_OBJC_ISA_USAGE = YES_ERROR;
				CLANG_WARN_DOCUMENTATION_COMMENTS = YES;
				CLANG_WARN_EMPTY_BODY = YES;
				CLANG_WARN_ENUM_CONVERSION = YES;
				CLANG_WARN_INFINITE_RECURSION = YES;
				CLANG_WARN_INT_CONVERSION = YES;
				CLANG_WARN_NON_LITERAL_NULL_CONVERSION = YES;
				CLANG_WARN_OBJC_IMPLICIT_RETAIN_SELF = YES;
				CLANG_WARN_OBJC_LITERAL_CONVERSION = YES;
				CLANG_WARN_OBJC_ROOT_CLASS = YES_ERROR;
				CLANG_WARN_RANGE_LOOP_ANALYSIS = YES;
				CLANG_WARN_STRICT_PROTOTYPES = YES;
				CLANG_WARN_SUSPICIOUS_MOVE = YES;
				CLANG_WARN_UNGUARDED_AVAILABILITY = YES_AGGRESSIVE;
				CLANG_WARN_UNREACHABLE_CODE = YES;
				CLANG_WARN__DUPLICATE_METHOD_MATCH = YES;
				CODE_SIGN_IDENTITY = "Mac Developer";
				COPY_PHASE_STRIP = NO;
				DEBUG_INFORMATION_FORMAT = dwarf;
				ENABLE_STRICT_OBJC_MSGSEND = YES;
				ENABLE_TESTABILITY = YES;
				GCC_C_LANGUAGE_STANDARD = gnu11;
				GCC_DYNAMIC_NO_PIC = NO;
				GCC_NO_COMMON_BLOCKS = YES;
				GCC_OPTIMIZATION_LEVEL = 0;
				GCC_PREPROCESSOR_DEFINITIONS = (
					"DEBUG=1",
					"$(inherited)",
				);
				GCC_WARN_64_TO_32_BIT_CONVERSION = YES;
				GCC_WARN_ABOUT_RETURN_TYPE = YES_ERROR;
				GCC_WARN_UNDECLARED_SELECTOR = YES;
				GCC_WARN_UNINITIALIZED_AUTOS = YES_AGGRESSIVE;
				GCC_WARN_UNUSED_FUNCTION = YES;
				GCC_WARN_UNUSED_VARIABLE = YES;
				MACOSX_DEPLOYMENT_TARGET = 10.14;
				MTL_ENABLE_DEBUG_INFO = INCLUDE_SOURCE;
				MTL_FAST_MATH = YES;
				ONLY_ACTIVE_ARCH = YES;
				SDKROOT = macosx;
				SWIFT_ACTIVE_COMPILATION_CONDITIONS = DEBUG;
				SWIFT_OPTIMIZATION_LEVEL = "-Onone";
			};
			name = Debug;
		};
		9FC228CF22CB339500D8871D /* Release */ = {
			isa = XCBuildConfiguration;
			buildSettings = {
				ALWAYS_SEARCH_USER_PATHS = NO;
				CLANG_ANALYZER_NONNULL = YES;
				CLANG_ANALYZER_NUMBER_OBJECT_CONVERSION = YES_AGGRESSIVE;
				CLANG_CXX_LANGUAGE_STANDARD = "gnu++14";
				CLANG_CXX_LIBRARY = "libc++";
				CLANG_ENABLE_MODULES = YES;
				CLANG_ENABLE_OBJC_ARC = YES;
				CLANG_ENABLE_OBJC_WEAK = YES;
				CLANG_WARN_BLOCK_CAPTURE_AUTORELEASING = YES;
				CLANG_WARN_BOOL_CONVERSION = YES;
				CLANG_WARN_COMMA = YES;
				CLANG_WARN_CONSTANT_CONVERSION = YES;
				CLANG_WARN_DEPRECATED_OBJC_IMPLEMENTATIONS = YES;
				CLANG_WARN_DIRECT_OBJC_ISA_USAGE = YES_ERROR;
				CLANG_WARN_DOCUMENTATION_COMMENTS = YES;
				CLANG_WARN_EMPTY_BODY = YES;
				CLANG_WARN_ENUM_CONVERSION = YES;
				CLANG_WARN_INFINITE_RECURSION = YES;
				CLANG_WARN_INT_CONVERSION = YES;
				CLANG_WARN_NON_LITERAL_NULL_CONVERSION = YES;
				CLANG_WARN_OBJC_IMPLICIT_RETAIN_SELF = YES;
				CLANG_WARN_OBJC_LITERAL_CONVERSION = YES;
				CLANG_WARN_OBJC_ROOT_CLASS = YES_ERROR;
				CLANG_WARN_RANGE_LOOP_ANALYSIS = YES;
				CLANG_WARN_STRICT_PROTOTYPES = YES;
				CLANG_WARN_SUSPICIOUS_MOVE = YES;
				CLANG_WARN_UNGUARDED_AVAILABILITY = YES_AGGRESSIVE;
				CLANG_WARN_UNREACHABLE_CODE = YES;
				CLANG_WARN__DUPLICATE_METHOD_MATCH = YES;
				CODE_SIGN_IDENTITY = "Mac Developer";
				COPY_PHASE_STRIP = NO;
				DEBUG_INFORMATION_FORMAT = "dwarf-with-dsym";
				ENABLE_NS_ASSERTIONS = NO;
				ENABLE_STRICT_OBJC_MSGSEND = YES;
				GCC_C_LANGUAGE_STANDARD = gnu11;
				GCC_NO_COMMON_BLOCKS = YES;
				GCC_WARN_64_TO_32_BIT_CONVERSION = YES;
				GCC_WARN_ABOUT_RETURN_TYPE = YES_ERROR;
				GCC_WARN_UNDECLARED_SELECTOR = YES;
				GCC_WARN_UNINITIALIZED_AUTOS = YES_AGGRESSIVE;
				GCC_WARN_UNUSED_FUNCTION = YES;
				GCC_WARN_UNUSED_VARIABLE = YES;
				MACOSX_DEPLOYMENT_TARGET = 10.14;
				MTL_ENABLE_DEBUG_INFO = NO;
				MTL_FAST_MATH = YES;
				SDKROOT = macosx;
				SWIFT_COMPILATION_MODE = wholemodule;
				SWIFT_OPTIMIZATION_LEVEL = "-O";
			};
			name = Release;
		};
		9FC228D122CB339500D8871D /* Debug */ = {
			isa = XCBuildConfiguration;
			buildSettings = {
				ASSETCATALOG_COMPILER_APPICON_NAME = AppIcon;
				CODE_SIGN_ENTITLEMENTS = ProjectLife/ProjectLife.entitlements;
				CODE_SIGN_STYLE = Automatic;
				COMBINE_HIDPI_IMAGES = YES;
				DEVELOPMENT_TEAM = ZF453C8DZR;
				INFOPLIST_FILE = ProjectLife/Info.plist;
				LD_RUNPATH_SEARCH_PATHS = (
					"$(inherited)",
					"@executable_path/../Frameworks",
				);
				PRODUCT_BUNDLE_IDENTIFIER = com.TreedInfinity.ProjectLife;
				PRODUCT_NAME = "$(TARGET_NAME)";
				SWIFT_VERSION = 5.0;
			};
			name = Debug;
		};
		9FC228D222CB339500D8871D /* Release */ = {
			isa = XCBuildConfiguration;
			buildSettings = {
				ASSETCATALOG_COMPILER_APPICON_NAME = AppIcon;
				CODE_SIGN_ENTITLEMENTS = ProjectLife/ProjectLife.entitlements;
				CODE_SIGN_STYLE = Automatic;
				COMBINE_HIDPI_IMAGES = YES;
				DEVELOPMENT_TEAM = ZF453C8DZR;
				INFOPLIST_FILE = ProjectLife/Info.plist;
				LD_RUNPATH_SEARCH_PATHS = (
					"$(inherited)",
					"@executable_path/../Frameworks",
				);
				PRODUCT_BUNDLE_IDENTIFIER = com.TreedInfinity.ProjectLife;
				PRODUCT_NAME = "$(TARGET_NAME)";
				SWIFT_VERSION = 5.0;
			};
			name = Release;
		};
		9FC228D422CB339500D8871D /* Debug */ = {
			isa = XCBuildConfiguration;
			buildSettings = {
				ALWAYS_EMBED_SWIFT_STANDARD_LIBRARIES = YES;
				BUNDLE_LOADER = "$(TEST_HOST)";
				CODE_SIGN_STYLE = Automatic;
				COMBINE_HIDPI_IMAGES = YES;
				DEVELOPMENT_TEAM = ZF453C8DZR;
				INFOPLIST_FILE = ProjectLifeTests/Info.plist;
				LD_RUNPATH_SEARCH_PATHS = (
					"$(inherited)",
					"@executable_path/../Frameworks",
					"@loader_path/../Frameworks",
				);
				PRODUCT_BUNDLE_IDENTIFIER = Unprecedented.ProjectLifeTests;
				PRODUCT_NAME = "$(TARGET_NAME)";
				SWIFT_VERSION = 5.0;
				TEST_HOST = "$(BUILT_PRODUCTS_DIR)/ProjectLife.app/Contents/MacOS/ProjectLife";
			};
			name = Debug;
		};
		9FC228D522CB339500D8871D /* Release */ = {
			isa = XCBuildConfiguration;
			buildSettings = {
				ALWAYS_EMBED_SWIFT_STANDARD_LIBRARIES = YES;
				BUNDLE_LOADER = "$(TEST_HOST)";
				CODE_SIGN_STYLE = Automatic;
				COMBINE_HIDPI_IMAGES = YES;
				DEVELOPMENT_TEAM = ZF453C8DZR;
				INFOPLIST_FILE = ProjectLifeTests/Info.plist;
				LD_RUNPATH_SEARCH_PATHS = (
					"$(inherited)",
					"@executable_path/../Frameworks",
					"@loader_path/../Frameworks",
				);
				PRODUCT_BUNDLE_IDENTIFIER = Unprecedented.ProjectLifeTests;
				PRODUCT_NAME = "$(TARGET_NAME)";
				SWIFT_VERSION = 5.0;
				TEST_HOST = "$(BUILT_PRODUCTS_DIR)/ProjectLife.app/Contents/MacOS/ProjectLife";
			};
			name = Release;
		};
		9FC228D722CB339500D8871D /* Debug */ = {
			isa = XCBuildConfiguration;
			buildSettings = {
				ALWAYS_EMBED_SWIFT_STANDARD_LIBRARIES = YES;
				CODE_SIGN_STYLE = Automatic;
				COMBINE_HIDPI_IMAGES = YES;
				DEVELOPMENT_TEAM = ZF453C8DZR;
				INFOPLIST_FILE = ProjectLifeUITests/Info.plist;
				LD_RUNPATH_SEARCH_PATHS = (
					"$(inherited)",
					"@executable_path/../Frameworks",
					"@loader_path/../Frameworks",
				);
				PRODUCT_BUNDLE_IDENTIFIER = Unprecedented.ProjectLifeUITests;
				PRODUCT_NAME = "$(TARGET_NAME)";
				SWIFT_VERSION = 5.0;
				TEST_TARGET_NAME = ProjectLife;
			};
			name = Debug;
		};
		9FC228D822CB339500D8871D /* Release */ = {
			isa = XCBuildConfiguration;
			buildSettings = {
				ALWAYS_EMBED_SWIFT_STANDARD_LIBRARIES = YES;
				CODE_SIGN_STYLE = Automatic;
				COMBINE_HIDPI_IMAGES = YES;
				DEVELOPMENT_TEAM = ZF453C8DZR;
				INFOPLIST_FILE = ProjectLifeUITests/Info.plist;
				LD_RUNPATH_SEARCH_PATHS = (
					"$(inherited)",
					"@executable_path/../Frameworks",
					"@loader_path/../Frameworks",
				);
				PRODUCT_BUNDLE_IDENTIFIER = Unprecedented.ProjectLifeUITests;
				PRODUCT_NAME = "$(TARGET_NAME)";
				SWIFT_VERSION = 5.0;
				TEST_TARGET_NAME = ProjectLife;
			};
			name = Release;
		};
/* End XCBuildConfiguration section */

/* Begin XCConfigurationList section */
		9FC228A222CB339400D8871D /* Build configuration list for PBXProject "ProjectLife" */ = {
			isa = XCConfigurationList;
			buildConfigurations = (
				9FC228CE22CB339500D8871D /* Debug */,
				9FC228CF22CB339500D8871D /* Release */,
			);
			defaultConfigurationIsVisible = 0;
			defaultConfigurationName = Release;
		};
		9FC228D022CB339500D8871D /* Build configuration list for PBXNativeTarget "ProjectLife" */ = {
			isa = XCConfigurationList;
			buildConfigurations = (
				9FC228D122CB339500D8871D /* Debug */,
				9FC228D222CB339500D8871D /* Release */,
			);
			defaultConfigurationIsVisible = 0;
			defaultConfigurationName = Release;
		};
		9FC228D322CB339500D8871D /* Build configuration list for PBXNativeTarget "ProjectLifeTests" */ = {
			isa = XCConfigurationList;
			buildConfigurations = (
				9FC228D422CB339500D8871D /* Debug */,
				9FC228D522CB339500D8871D /* Release */,
			);
			defaultConfigurationIsVisible = 0;
			defaultConfigurationName = Release;
		};
		9FC228D622CB339500D8871D /* Build configuration list for PBXNativeTarget "ProjectLifeUITests" */ = {
			isa = XCConfigurationList;
			buildConfigurations = (
				9FC228D722CB339500D8871D /* Debug */,
				9FC228D822CB339500D8871D /* Release */,
			);
			defaultConfigurationIsVisible = 0;
			defaultConfigurationName = Release;
		};
/* End XCConfigurationList section */

/* Begin XCVersionGroup section */
		9FC228AE22CB339400D8871D /* ProjectLife.xcdatamodeld */ = {
			isa = XCVersionGroup;
			children = (
				9FC228AF22CB339400D8871D /* ProjectLife.xcdatamodel */,
			);
			currentVersion = 9FC228AF22CB339400D8871D /* ProjectLife.xcdatamodel */;
			path = ProjectLife.xcdatamodeld;
			sourceTree = "<group>";
			versionGroupType = wrapper.xcdatamodel;
		};
/* End XCVersionGroup section */
	};
	rootObject = 9FC2289F22CB339400D8871D /* Project object */;
}
